// !$*UTF8*$!
{
	archiveVersion = 1;
	classes = {
	};
	objectVersion = 54;
	objects = {

/* Begin PBXBuildFile section */
		058557BB273AAA24004C7B11 /* Assets.xcassets in Resources */ = {isa = PBXBuildFile; fileRef = 058557BA273AAA24004C7B11 /* Assets.xcassets */; };
		058557D9273AAEEB004C7B11 /* Preview Assets.xcassets in Resources */ = {isa = PBXBuildFile; fileRef = 058557D8273AAEEB004C7B11 /* Preview Assets.xcassets */; };
		2152FB042600AC8F00CF470E /* iOSApp.swift in Sources */ = {isa = PBXBuildFile; fileRef = 2152FB032600AC8F00CF470E /* iOSApp.swift */; };
		247C27E12AB667A800DD8D6D /* SpeedTest.swift in Sources */ = {isa = PBXBuildFile; fileRef = 247C27E02AB667A800DD8D6D /* SpeedTest.swift */; };
		247C27E42AB66C6700DD8D6D /* TrafficManager.swift in Sources */ = {isa = PBXBuildFile; fileRef = 247C27E32AB66C6700DD8D6D /* TrafficManager.swift */; };
		247C27E62AB66C9100DD8D6D /* TrafficSummary.swift in Sources */ = {isa = PBXBuildFile; fileRef = 247C27E52AB66C9100DD8D6D /* TrafficSummary.swift */; };
		247C27E82AB66DB100DD8D6D /* SwiftTimer.swift in Sources */ = {isa = PBXBuildFile; fileRef = 247C27E72AB66DB100DD8D6D /* SwiftTimer.swift */; };
		247C27EA2AB66E0500DD8D6D /* TrafficCounter.swift in Sources */ = {isa = PBXBuildFile; fileRef = 247C27E92AB66E0500DD8D6D /* TrafficCounter.swift */; };
		247C27EC2AB66E1F00DD8D6D /* TrafficPackage.swift in Sources */ = {isa = PBXBuildFile; fileRef = 247C27EB2AB66E1F00DD8D6D /* TrafficPackage.swift */; };
		247C27EE2AB66E3300DD8D6D /* TrafficSpeed.swift in Sources */ = {isa = PBXBuildFile; fileRef = 247C27ED2AB66E3300DD8D6D /* TrafficSpeed.swift */; };
		247C27F02AB66E4800DD8D6D /* TrafficStatus.swift in Sources */ = {isa = PBXBuildFile; fileRef = 247C27EF2AB66E4800DD8D6D /* TrafficStatus.swift */; };
		247C27F22AB66E5E00DD8D6D /* TrafficData.swift in Sources */ = {isa = PBXBuildFile; fileRef = 247C27F12AB66E5E00DD8D6D /* TrafficData.swift */; };
		247C27F42AB66E7A00DD8D6D /* DoubleExtension.swift in Sources */ = {isa = PBXBuildFile; fileRef = 247C27F32AB66E7A00DD8D6D /* DoubleExtension.swift */; };
		247C27F62AB66E9100DD8D6D /* UInt64Extension.swift in Sources */ = {isa = PBXBuildFile; fileRef = 247C27F52AB66E9100DD8D6D /* UInt64Extension.swift */; };
		7555FF83242A565900829871 /* ContentView.swift in Sources */ = {isa = PBXBuildFile; fileRef = 7555FF82242A565900829871 /* ContentView.swift */; };
		7F09F51E0FAE620AE2AD2728 /* Pods_iosApp.framework in Frameworks */ = {isa = PBXBuildFile; fileRef = C0E5A5EAD40C82EFD0EE58D0 /* Pods_iosApp.framework */; };
		B636A0162B162FAF0017E6F3 /* ImageStickerContainerView.swift in Sources */ = {isa = PBXBuildFile; fileRef = B636A0152B162FAF0017E6F3 /* ImageStickerContainerView.swift */; };
		B636A0452B1631D10017E6F3 /* ConstraintMultiplierTarget.swift in Sources */ = {isa = PBXBuildFile; fileRef = B636A01F2B1631D00017E6F3 /* ConstraintMultiplierTarget.swift */; };
		B636A0462B1631D10017E6F3 /* LayoutConstraintItem.swift in Sources */ = {isa = PBXBuildFile; fileRef = B636A0202B1631D00017E6F3 /* LayoutConstraintItem.swift */; };
		B636A0472B1631D10017E6F3 /* ConstraintDescription.swift in Sources */ = {isa = PBXBuildFile; fileRef = B636A0212B1631D00017E6F3 /* ConstraintDescription.swift */; };
		B636A0482B1631D10017E6F3 /* ConstraintMakerPriortizable.swift in Sources */ = {isa = PBXBuildFile; fileRef = B636A0222B1631D00017E6F3 /* ConstraintMakerPriortizable.swift */; };
		B636A0492B1631D10017E6F3 /* ConstraintAttributes.swift in Sources */ = {isa = PBXBuildFile; fileRef = B636A0232B1631D00017E6F3 /* ConstraintAttributes.swift */; };
		B636A04A2B1631D10017E6F3 /* ConstraintViewDSL.swift in Sources */ = {isa = PBXBuildFile; fileRef = B636A0242B1631D00017E6F3 /* ConstraintViewDSL.swift */; };
		B636A04B2B1631D10017E6F3 /* ConstraintPriorityTarget.swift in Sources */ = {isa = PBXBuildFile; fileRef = B636A0252B1631D00017E6F3 /* ConstraintPriorityTarget.swift */; };
		B636A04C2B1631D10017E6F3 /* ConstraintInsets.swift in Sources */ = {isa = PBXBuildFile; fileRef = B636A0262B1631D00017E6F3 /* ConstraintInsets.swift */; };
		B636A04D2B1631D10017E6F3 /* ConstraintMakerFinalizable.swift in Sources */ = {isa = PBXBuildFile; fileRef = B636A0272B1631D00017E6F3 /* ConstraintMakerFinalizable.swift */; };
		B636A04E2B1631D10017E6F3 /* ConstraintDSL.swift in Sources */ = {isa = PBXBuildFile; fileRef = B636A0282B1631D00017E6F3 /* ConstraintDSL.swift */; };
		B636A04F2B1631D10017E6F3 /* ConstraintMakerExtendable.swift in Sources */ = {isa = PBXBuildFile; fileRef = B636A0292B1631D00017E6F3 /* ConstraintMakerExtendable.swift */; };
		B636A0502B1631D10017E6F3 /* ConstraintPriority.swift in Sources */ = {isa = PBXBuildFile; fileRef = B636A02A2B1631D00017E6F3 /* ConstraintPriority.swift */; };
		B636A0512B1631D10017E6F3 /* ConstraintInsetTarget.swift in Sources */ = {isa = PBXBuildFile; fileRef = B636A02B2B1631D00017E6F3 /* ConstraintInsetTarget.swift */; };
		B636A0522B1631D10017E6F3 /* ConstraintDirectionalInsetTarget.swift in Sources */ = {isa = PBXBuildFile; fileRef = B636A02C2B1631D00017E6F3 /* ConstraintDirectionalInsetTarget.swift */; };
		B636A0532B1631D10017E6F3 /* ConstraintMakerRelatable+Extensions.swift in Sources */ = {isa = PBXBuildFile; fileRef = B636A02E2B1631D00017E6F3 /* ConstraintMakerRelatable+Extensions.swift */; };
		B636A0542B1631D10017E6F3 /* ConstraintConfig.swift in Sources */ = {isa = PBXBuildFile; fileRef = B636A02F2B1631D00017E6F3 /* ConstraintConfig.swift */; };
		B636A0552B1631D10017E6F3 /* UILayoutSupport+Extensions.swift in Sources */ = {isa = PBXBuildFile; fileRef = B636A0302B1631D00017E6F3 /* UILayoutSupport+Extensions.swift */; };
		B636A0562B1631D10017E6F3 /* ConstraintView.swift in Sources */ = {isa = PBXBuildFile; fileRef = B636A0312B1631D00017E6F3 /* ConstraintView.swift */; };
		B636A0572B1631D10017E6F3 /* ConstraintLayoutGuide.swift in Sources */ = {isa = PBXBuildFile; fileRef = B636A0322B1631D00017E6F3 /* ConstraintLayoutGuide.swift */; };
		B636A0582B1631D10017E6F3 /* ConstraintLayoutSupport.swift in Sources */ = {isa = PBXBuildFile; fileRef = B636A0332B1631D00017E6F3 /* ConstraintLayoutSupport.swift */; };
		B636A0592B1631D10017E6F3 /* Typealiases.swift in Sources */ = {isa = PBXBuildFile; fileRef = B636A0342B1631D00017E6F3 /* Typealiases.swift */; };
		B636A05A2B1631D10017E6F3 /* ConstraintConstantTarget.swift in Sources */ = {isa = PBXBuildFile; fileRef = B636A0352B1631D00017E6F3 /* ConstraintConstantTarget.swift */; };
		B636A05B2B1631D10017E6F3 /* ConstraintOffsetTarget.swift in Sources */ = {isa = PBXBuildFile; fileRef = B636A0362B1631D00017E6F3 /* ConstraintOffsetTarget.swift */; };
		B636A05C2B1631D10017E6F3 /* ConstraintMakerEditable.swift in Sources */ = {isa = PBXBuildFile; fileRef = B636A0372B1631D00017E6F3 /* ConstraintMakerEditable.swift */; };
		B636A05D2B1631D10017E6F3 /* ConstraintMaker.swift in Sources */ = {isa = PBXBuildFile; fileRef = B636A0382B1631D00017E6F3 /* ConstraintMaker.swift */; };
		B636A05E2B1631D10017E6F3 /* ConstraintRelation.swift in Sources */ = {isa = PBXBuildFile; fileRef = B636A0392B1631D00017E6F3 /* ConstraintRelation.swift */; };
		B636A05F2B1631D10017E6F3 /* ConstraintLayoutGuideDSL.swift in Sources */ = {isa = PBXBuildFile; fileRef = B636A03A2B1631D00017E6F3 /* ConstraintLayoutGuideDSL.swift */; };
		B636A0602B1631D10017E6F3 /* ConstraintView+Extensions.swift in Sources */ = {isa = PBXBuildFile; fileRef = B636A03B2B1631D00017E6F3 /* ConstraintView+Extensions.swift */; };
		B636A0612B1631D10017E6F3 /* ConstraintItem.swift in Sources */ = {isa = PBXBuildFile; fileRef = B636A03C2B1631D00017E6F3 /* ConstraintItem.swift */; };
		B636A0622B1631D10017E6F3 /* Constraint.swift in Sources */ = {isa = PBXBuildFile; fileRef = B636A03D2B1631D00017E6F3 /* Constraint.swift */; };
		B636A0632B1631D10017E6F3 /* Debugging.swift in Sources */ = {isa = PBXBuildFile; fileRef = B636A03E2B1631D00017E6F3 /* Debugging.swift */; };
		B636A0642B1631D10017E6F3 /* ConstraintRelatableTarget.swift in Sources */ = {isa = PBXBuildFile; fileRef = B636A03F2B1631D00017E6F3 /* ConstraintRelatableTarget.swift */; };
		B636A0652B1631D10017E6F3 /* LayoutConstraint.swift in Sources */ = {isa = PBXBuildFile; fileRef = B636A0402B1631D00017E6F3 /* LayoutConstraint.swift */; };
		B636A0662B1631D10017E6F3 /* ConstraintLayoutGuide+Extensions.swift in Sources */ = {isa = PBXBuildFile; fileRef = B636A0412B1631D00017E6F3 /* ConstraintLayoutGuide+Extensions.swift */; };
		B636A0672B1631D10017E6F3 /* ConstraintDirectionalInsets.swift in Sources */ = {isa = PBXBuildFile; fileRef = B636A0422B1631D00017E6F3 /* ConstraintDirectionalInsets.swift */; };
		B636A0682B1631D10017E6F3 /* ConstraintLayoutSupportDSL.swift in Sources */ = {isa = PBXBuildFile; fileRef = B636A0432B1631D00017E6F3 /* ConstraintLayoutSupportDSL.swift */; };
		B636A0692B1631D10017E6F3 /* ConstraintMakerRelatable.swift in Sources */ = {isa = PBXBuildFile; fileRef = B636A0442B1631D00017E6F3 /* ConstraintMakerRelatable.swift */; };
		B636A06C2B1633C70017E6F3 /* FLAnimatedImage in Frameworks */ = {isa = PBXBuildFile; productRef = B636A06B2B1633C70017E6F3 /* FLAnimatedImage */; };
		B64A9C812B09C9E80099D0EA /* ViewModel.swift in Sources */ = {isa = PBXBuildFile; fileRef = B64A9C802B09C9E80099D0EA /* ViewModel.swift */; };
		B64A9C832B09D6B20099D0EA /* AppDelegate.swift in Sources */ = {isa = PBXBuildFile; fileRef = B64A9C822B09D6B20099D0EA /* AppDelegate.swift */; };
		B64A9C852B09D7360099D0EA /* Constants.swift in Sources */ = {isa = PBXBuildFile; fileRef = B64A9C842B09D7360099D0EA /* Constants.swift */; };
		B64A9C872B09D7950099D0EA /* UploadUtils.swift in Sources */ = {isa = PBXBuildFile; fileRef = B64A9C862B09D7950099D0EA /* UploadUtils.swift */; };
		B64A9C8B2B09E5650099D0EA /* ScannerView.swift in Sources */ = {isa = PBXBuildFile; fileRef = B64A9C8A2B09E5650099D0EA /* ScannerView.swift */; };
		B64A9C8D2B09E5C80099D0EA /* RoundRectView.swift in Sources */ = {isa = PBXBuildFile; fileRef = B64A9C8C2B09E5C80099D0EA /* RoundRectView.swift */; };
		B64A9C8F2B09E5E20099D0EA /* RoundedRectLabel.swift in Sources */ = {isa = PBXBuildFile; fileRef = B64A9C8E2B09E5E20099D0EA /* RoundedRectLabel.swift */; };
		B64A9C932B0A1AFD0099D0EA /* Camera.swift in Sources */ = {isa = PBXBuildFile; fileRef = B64A9C922B0A1AFD0099D0EA /* Camera.swift */; };
		B64A9C952B0A1B180099D0EA /* CachedImageManager.swift in Sources */ = {isa = PBXBuildFile; fileRef = B64A9C942B0A1B180099D0EA /* CachedImageManager.swift */; };
		B64A9C972B0A1B330099D0EA /* CameraView.swift in Sources */ = {isa = PBXBuildFile; fileRef = B64A9C962B0A1B330099D0EA /* CameraView.swift */; };
		B64A9C992B0A1B4C0099D0EA /* DataModel.swift in Sources */ = {isa = PBXBuildFile; fileRef = B64A9C982B0A1B4C0099D0EA /* DataModel.swift */; };
		B64A9C9B2B0A1B620099D0EA /* CameraPhotoAsset.swift in Sources */ = {isa = PBXBuildFile; fileRef = B64A9C9A2B0A1B620099D0EA /* CameraPhotoAsset.swift */; };
		B64A9C9D2B0A1B730099D0EA /* PhotoAssetCollection.swift in Sources */ = {isa = PBXBuildFile; fileRef = B64A9C9C2B0A1B730099D0EA /* PhotoAssetCollection.swift */; };
		B64A9C9F2B0A1B870099D0EA /* PhotoCollection.swift in Sources */ = {isa = PBXBuildFile; fileRef = B64A9C9E2B0A1B870099D0EA /* PhotoCollection.swift */; };
		B64A9CA12B0A1BA50099D0EA /* PhotoCollectionView.swift in Sources */ = {isa = PBXBuildFile; fileRef = B64A9CA02B0A1BA50099D0EA /* PhotoCollectionView.swift */; };
		B64A9CA32B0A1BBE0099D0EA /* PhotoItemView.swift in Sources */ = {isa = PBXBuildFile; fileRef = B64A9CA22B0A1BBE0099D0EA /* PhotoItemView.swift */; };
		B64A9CA52B0A1BD00099D0EA /* PhotoLibrary.swift in Sources */ = {isa = PBXBuildFile; fileRef = B64A9CA42B0A1BD00099D0EA /* PhotoLibrary.swift */; };
		B64A9CA72B0A1BE50099D0EA /* PhotoView.swift in Sources */ = {isa = PBXBuildFile; fileRef = B64A9CA62B0A1BE50099D0EA /* PhotoView.swift */; };
		B64A9CA92B0A1BF80099D0EA /* ThumbnailView.swift in Sources */ = {isa = PBXBuildFile; fileRef = B64A9CA82B0A1BF80099D0EA /* ThumbnailView.swift */; };
		B64A9CAB2B0A1C090099D0EA /* ViewfinderView.swift in Sources */ = {isa = PBXBuildFile; fileRef = B64A9CAA2B0A1C090099D0EA /* ViewfinderView.swift */; };
		B64A9CAD2B0A1E090099D0EA /* TrafficView.swift in Sources */ = {isa = PBXBuildFile; fileRef = B64A9CAC2B0A1E090099D0EA /* TrafficView.swift */; };
		B64A9CB02B0A28070099D0EA /* VideoContentView.swift in Sources */ = {isa = PBXBuildFile; fileRef = B64A9CAF2B0A28070099D0EA /* VideoContentView.swift */; };
		B64A9CB22B0A28470099D0EA /* VideoContentViewModel.swift in Sources */ = {isa = PBXBuildFile; fileRef = B64A9CB12B0A28470099D0EA /* VideoContentViewModel.swift */; };
		B64A9CB52B0A28800099D0EA /* Aespa in Frameworks */ = {isa = PBXBuildFile; productRef = B64A9CB42B0A28800099D0EA /* Aespa */; };
		B64A9CB72B0A29040099D0EA /* SettingView.swift in Sources */ = {isa = PBXBuildFile; fileRef = B64A9CB62B0A29040099D0EA /* SettingView.swift */; };
		B64A9CB92B0A29160099D0EA /* GalleryView.swift in Sources */ = {isa = PBXBuildFile; fileRef = B64A9CB82B0A29160099D0EA /* GalleryView.swift */; };
		B64A9CBC2B0A65640099D0EA /* GalleryModel.swift in Sources */ = {isa = PBXBuildFile; fileRef = B64A9CBB2B0A65640099D0EA /* GalleryModel.swift */; };
		B64A9CBE2B0A65940099D0EA /* Item.swift in Sources */ = {isa = PBXBuildFile; fileRef = B64A9CBD2B0A65940099D0EA /* Item.swift */; };
		B64A9CC02B0A65C30099D0EA /* GridView.swift in Sources */ = {isa = PBXBuildFile; fileRef = B64A9CBF2B0A65C30099D0EA /* GridView.swift */; };
		B64A9CC22B0A65E60099D0EA /* DetailView.swift in Sources */ = {isa = PBXBuildFile; fileRef = B64A9CC12B0A65E60099D0EA /* DetailView.swift */; };
		B64A9CC42B0A66140099D0EA /* GridItemView.swift in Sources */ = {isa = PBXBuildFile; fileRef = B64A9CC32B0A66140099D0EA /* GridItemView.swift */; };
		B64A9CC82B0A66CA0099D0EA /* FileManagerExtensions.swift in Sources */ = {isa = PBXBuildFile; fileRef = B64A9CC72B0A66CA0099D0EA /* FileManagerExtensions.swift */; };
		B64A9CCA2B0B9A1C0099D0EA /* Test.swift in Sources */ = {isa = PBXBuildFile; fileRef = B64A9CC92B0B9A1C0099D0EA /* Test.swift */; };
		B64A9D052B0BBAE10099D0EA /* ZLCameraView.swift in Sources */ = {isa = PBXBuildFile; fileRef = B64A9D042B0BBAE10099D0EA /* ZLCameraView.swift */; };
		B64A9D502B0BBB7D0099D0EA /* ZLPhotoBrowser.bundle in Resources */ = {isa = PBXBuildFile; fileRef = B64A9D082B0BBB7C0099D0EA /* ZLPhotoBrowser.bundle */; };
		B64A9D512B0BBB7D0099D0EA /* ZLImagePreviewController.swift in Sources */ = {isa = PBXBuildFile; fileRef = B64A9D0A2B0BBB7C0099D0EA /* ZLImagePreviewController.swift */; };
		B64A9D522B0BBB7D0099D0EA /* ZLCameraConfiguration.swift in Sources */ = {isa = PBXBuildFile; fileRef = B64A9D0B2B0BBB7C0099D0EA /* ZLCameraConfiguration.swift */; };
		B64A9D532B0BBB7D0099D0EA /* ZLResultModel.swift in Sources */ = {isa = PBXBuildFile; fileRef = B64A9D0C2B0BBB7C0099D0EA /* ZLResultModel.swift */; };
		B64A9D542B0BBB7D0099D0EA /* ZLPhotoManager.swift in Sources */ = {isa = PBXBuildFile; fileRef = B64A9D0D2B0BBB7C0099D0EA /* ZLPhotoManager.swift */; };
		B64A9D552B0BBB7D0099D0EA /* ZLPhotoModel.swift in Sources */ = {isa = PBXBuildFile; fileRef = B64A9D0E2B0BBB7C0099D0EA /* ZLPhotoModel.swift */; };
		B64A9D562B0BBB7D0099D0EA /* ZLEnlargeButton.swift in Sources */ = {isa = PBXBuildFile; fileRef = B64A9D0F2B0BBB7C0099D0EA /* ZLEnlargeButton.swift */; };
		B64A9D572B0BBB7D0099D0EA /* ZLAnimationUtils.swift in Sources */ = {isa = PBXBuildFile; fileRef = B64A9D102B0BBB7C0099D0EA /* ZLAnimationUtils.swift */; };
		B64A9D582B0BBB7D0099D0EA /* ZLWeakProxy.swift in Sources */ = {isa = PBXBuildFile; fileRef = B64A9D112B0BBB7C0099D0EA /* ZLWeakProxy.swift */; };
		B64A9D592B0BBB7D0099D0EA /* ZLPhotoPreviewCell.swift in Sources */ = {isa = PBXBuildFile; fileRef = B64A9D122B0BBB7C0099D0EA /* ZLPhotoPreviewCell.swift */; };
		B64A9D5A2B0BBB7D0099D0EA /* ZLProgressHUD.swift in Sources */ = {isa = PBXBuildFile; fileRef = B64A9D132B0BBB7C0099D0EA /* ZLProgressHUD.swift */; };
		B64A9D5B2B0BBB7D0099D0EA /* ZLFetchImageOperation.swift in Sources */ = {isa = PBXBuildFile; fileRef = B64A9D142B0BBB7C0099D0EA /* ZLFetchImageOperation.swift */; };
		B64A9D5C2B0BBB7D0099D0EA /* ZLAlbumListController.swift in Sources */ = {isa = PBXBuildFile; fileRef = B64A9D152B0BBB7C0099D0EA /* ZLAlbumListController.swift */; };
		B64A9D5D2B0BBB7D0099D0EA /* ZLEmbedAlbumListView.swift in Sources */ = {isa = PBXBuildFile; fileRef = B64A9D162B0BBB7C0099D0EA /* ZLEmbedAlbumListView.swift */; };
		B64A9D5E2B0BBB7D0099D0EA /* ZLLanguageDefine.swift in Sources */ = {isa = PBXBuildFile; fileRef = B64A9D172B0BBB7C0099D0EA /* ZLLanguageDefine.swift */; };
		B64A9D5F2B0BBB7D0099D0EA /* ZLCustomAlertProtocol.swift in Sources */ = {isa = PBXBuildFile; fileRef = B64A9D182B0BBB7C0099D0EA /* ZLCustomAlertProtocol.swift */; };
		B64A9D602B0BBB7D0099D0EA /* ZLPhotoPreviewSheet.swift in Sources */ = {isa = PBXBuildFile; fileRef = B64A9D192B0BBB7C0099D0EA /* ZLPhotoPreviewSheet.swift */; };
		B64A9D612B0BBB7D0099D0EA /* ZLAlbumListCell.swift in Sources */ = {isa = PBXBuildFile; fileRef = B64A9D1A2B0BBB7C0099D0EA /* ZLAlbumListCell.swift */; };
		B64A9D622B0BBB7D0099D0EA /* ZLEditImageConfiguration.swift in Sources */ = {isa = PBXBuildFile; fileRef = B64A9D1B2B0BBB7C0099D0EA /* ZLEditImageConfiguration.swift */; };
		B64A9D632B0BBB7D0099D0EA /* ZLPhotoUIConfiguration+Chaining.swift in Sources */ = {isa = PBXBuildFile; fileRef = B64A9D1C2B0BBB7C0099D0EA /* ZLPhotoUIConfiguration+Chaining.swift */; };
		B64A9D642B0BBB7D0099D0EA /* ZLPhotoPreviewController.swift in Sources */ = {isa = PBXBuildFile; fileRef = B64A9D1D2B0BBB7C0099D0EA /* ZLPhotoPreviewController.swift */; };
		B64A9D652B0BBB7D0099D0EA /* ZLPhotoUIConfiguration.swift in Sources */ = {isa = PBXBuildFile; fileRef = B64A9D1E2B0BBB7C0099D0EA /* ZLPhotoUIConfiguration.swift */; };
		B64A9D662B0BBB7D0099D0EA /* ZLImageNavController.swift in Sources */ = {isa = PBXBuildFile; fileRef = B64A9D1F2B0BBB7C0099D0EA /* ZLImageNavController.swift */; };
		B64A9D672B0BBB7D0099D0EA /* ZLThumbnailViewController.swift in Sources */ = {isa = PBXBuildFile; fileRef = B64A9D202B0BBB7C0099D0EA /* ZLThumbnailViewController.swift */; };
		B64A9D682B0BBB7D0099D0EA /* ZLVideoManager.swift in Sources */ = {isa = PBXBuildFile; fileRef = B64A9D212B0BBB7C0099D0EA /* ZLVideoManager.swift */; };
		B64A9D692B0BBB7D0099D0EA /* ZLAddPhotoCell.swift in Sources */ = {isa = PBXBuildFile; fileRef = B64A9D222B0BBB7C0099D0EA /* ZLAddPhotoCell.swift */; };
		B64A9D6A2B0BBB7D0099D0EA /* ZLGeneralDefine.swift in Sources */ = {isa = PBXBuildFile; fileRef = B64A9D232B0BBB7C0099D0EA /* ZLGeneralDefine.swift */; };
		B64A9D6B2B0BBB7D0099D0EA /* ZLThumbnailPhotoCell.swift in Sources */ = {isa = PBXBuildFile; fileRef = B64A9D242B0BBB7C0099D0EA /* ZLThumbnailPhotoCell.swift */; };
		B64A9D6C2B0BBB7D0099D0EA /* ZLCollectionViewFlowLayout.swift in Sources */ = {isa = PBXBuildFile; fileRef = B64A9D252B0BBB7C0099D0EA /* ZLCollectionViewFlowLayout.swift */; };
		B64A9D6D2B0BBB7D0099D0EA /* ZLProgressView.swift in Sources */ = {isa = PBXBuildFile; fileRef = B64A9D262B0BBB7C0099D0EA /* ZLProgressView.swift */; };
		B64A9D6E2B0BBB7D0099D0EA /* ZLPhotoConfiguration.swift in Sources */ = {isa = PBXBuildFile; fileRef = B64A9D272B0BBB7C0099D0EA /* ZLPhotoConfiguration.swift */; };
		B64A9D6F2B0BBB7D0099D0EA /* ZLPhotoBrowser.swift in Sources */ = {isa = PBXBuildFile; fileRef = B64A9D282B0BBB7C0099D0EA /* ZLPhotoBrowser.swift */; };
		B64A9D702B0BBB7D0099D0EA /* ZLPhotoConfiguration+Chaining.swift in Sources */ = {isa = PBXBuildFile; fileRef = B64A9D292B0BBB7C0099D0EA /* ZLPhotoConfiguration+Chaining.swift */; };
		B64A9D712B0BBB7D0099D0EA /* ZLAlbumListModel.swift in Sources */ = {isa = PBXBuildFile; fileRef = B64A9D2A2B0BBB7C0099D0EA /* ZLAlbumListModel.swift */; };
		B64A9D722B0BBB7D0099D0EA /* ZLCameraCell.swift in Sources */ = {isa = PBXBuildFile; fileRef = B64A9D2B2B0BBB7C0099D0EA /* ZLCameraCell.swift */; };
		B64A9D732B0BBB7D0099D0EA /* ZLCustomCamera.swift in Sources */ = {isa = PBXBuildFile; fileRef = B64A9D2D2B0BBB7C0099D0EA /* ZLCustomCamera.swift */; };
		B64A9D742B0BBB7D0099D0EA /* ZLPhotoPreviewAnimatedTransition.swift in Sources */ = {isa = PBXBuildFile; fileRef = B64A9D2F2B0BBB7C0099D0EA /* ZLPhotoPreviewAnimatedTransition.swift */; };
		B64A9D752B0BBB7D0099D0EA /* ZLClipImageDismissAnimatedTransition.swift in Sources */ = {isa = PBXBuildFile; fileRef = B64A9D302B0BBB7C0099D0EA /* ZLClipImageDismissAnimatedTransition.swift */; };
		B64A9D762B0BBB7D0099D0EA /* ZLPhotoPreviewPopInteractiveTransition.swift in Sources */ = {isa = PBXBuildFile; fileRef = B64A9D312B0BBB7C0099D0EA /* ZLPhotoPreviewPopInteractiveTransition.swift */; };
		B64A9D772B0BBB7D0099D0EA /* UIView+ZLPhotoBrowser.swift in Sources */ = {isa = PBXBuildFile; fileRef = B64A9D332B0BBB7C0099D0EA /* UIView+ZLPhotoBrowser.swift */; };
		B64A9D782B0BBB7D0099D0EA /* Bundle+ZLPhotoBrowser.swift in Sources */ = {isa = PBXBuildFile; fileRef = B64A9D342B0BBB7C0099D0EA /* Bundle+ZLPhotoBrowser.swift */; };
		B64A9D792B0BBB7D0099D0EA /* NSError+ZLPhotoBrowser.swift in Sources */ = {isa = PBXBuildFile; fileRef = B64A9D352B0BBB7C0099D0EA /* NSError+ZLPhotoBrowser.swift */; };
		B64A9D7A2B0BBB7D0099D0EA /* UIImage+ZLPhotoBrowser.swift in Sources */ = {isa = PBXBuildFile; fileRef = B64A9D362B0BBB7C0099D0EA /* UIImage+ZLPhotoBrowser.swift */; };
		B64A9D7B2B0BBB7D0099D0EA /* String+ZLPhotoBrowser.swift in Sources */ = {isa = PBXBuildFile; fileRef = B64A9D372B0BBB7C0099D0EA /* String+ZLPhotoBrowser.swift */; };
		B64A9D7C2B0BBB7D0099D0EA /* Bool+ZLPhotoBrowser.swift in Sources */ = {isa = PBXBuildFile; fileRef = B64A9D382B0BBB7C0099D0EA /* Bool+ZLPhotoBrowser.swift */; };
		B64A9D7D2B0BBB7D0099D0EA /* Cell+ZLPhotoBrowser.swift in Sources */ = {isa = PBXBuildFile; fileRef = B64A9D392B0BBB7C0099D0EA /* Cell+ZLPhotoBrowser.swift */; };
		B64A9D7E2B0BBB7D0099D0EA /* UIScrollView+ZLPhotoBrowser.swift in Sources */ = {isa = PBXBuildFile; fileRef = B64A9D3A2B0BBB7C0099D0EA /* UIScrollView+ZLPhotoBrowser.swift */; };
		B64A9D7F2B0BBB7D0099D0EA /* UIFont+ZLPhotoBrowser.swift in Sources */ = {isa = PBXBuildFile; fileRef = B64A9D3B2B0BBB7C0099D0EA /* UIFont+ZLPhotoBrowser.swift */; };
		B64A9D802B0BBB7D0099D0EA /* UIViewController+ZLPhotoBrowser.swift in Sources */ = {isa = PBXBuildFile; fileRef = B64A9D3C2B0BBB7C0099D0EA /* UIViewController+ZLPhotoBrowser.swift */; };
		B64A9D812B0BBB7D0099D0EA /* Array+ZLPhotoBrowser.swift in Sources */ = {isa = PBXBuildFile; fileRef = B64A9D3D2B0BBB7C0099D0EA /* Array+ZLPhotoBrowser.swift */; };
		B64A9D822B0BBB7D0099D0EA /* CGFloat+ZLPhotoBrowser.swift in Sources */ = {isa = PBXBuildFile; fileRef = B64A9D3E2B0BBB7C0099D0EA /* CGFloat+ZLPhotoBrowser.swift */; };
		B64A9D832B0BBB7D0099D0EA /* PHAsset+ZLPhotoBrowser.swift in Sources */ = {isa = PBXBuildFile; fileRef = B64A9D3F2B0BBB7C0099D0EA /* PHAsset+ZLPhotoBrowser.swift */; };
		B64A9D842B0BBB7D0099D0EA /* UIColor+ZLPhotoBrowser.swift in Sources */ = {isa = PBXBuildFile; fileRef = B64A9D402B0BBB7C0099D0EA /* UIColor+ZLPhotoBrowser.swift */; };
		B64A9D852B0BBB7D0099D0EA /* ZLInputTextViewController.swift in Sources */ = {isa = PBXBuildFile; fileRef = B64A9D422B0BBB7C0099D0EA /* ZLInputTextViewController.swift */; };
		B64A9D862B0BBB7D0099D0EA /* ZLBaseStickerView.swift in Sources */ = {isa = PBXBuildFile; fileRef = B64A9D432B0BBB7C0099D0EA /* ZLBaseStickerView.swift */; };
		B64A9D872B0BBB7D0099D0EA /* ZLBaseStickertState.swift in Sources */ = {isa = PBXBuildFile; fileRef = B64A9D442B0BBB7C0099D0EA /* ZLBaseStickertState.swift */; };
		B64A9D882B0BBB7D0099D0EA /* ZLClipImageViewController.swift in Sources */ = {isa = PBXBuildFile; fileRef = B64A9D452B0BBB7C0099D0EA /* ZLClipImageViewController.swift */; };
		B64A9D892B0BBB7D0099D0EA /* ZLImageStickerView.swift in Sources */ = {isa = PBXBuildFile; fileRef = B64A9D462B0BBB7C0099D0EA /* ZLImageStickerView.swift */; };
		B64A9D8A2B0BBB7D0099D0EA /* ZLAdjustSlider.swift in Sources */ = {isa = PBXBuildFile; fileRef = B64A9D472B0BBB7C0099D0EA /* ZLAdjustSlider.swift */; };
		B64A9D8B2B0BBB7D0099D0EA /* ZLEditImageViewController.swift in Sources */ = {isa = PBXBuildFile; fileRef = B64A9D482B0BBB7C0099D0EA /* ZLEditImageViewController.swift */; };
		B64A9D8C2B0BBB7D0099D0EA /* ZLFilter.swift in Sources */ = {isa = PBXBuildFile; fileRef = B64A9D492B0BBB7C0099D0EA /* ZLFilter.swift */; };
		B64A9D8D2B0BBB7D0099D0EA /* ZLTextStickerView.swift in Sources */ = {isa = PBXBuildFile; fileRef = B64A9D4A2B0BBB7C0099D0EA /* ZLTextStickerView.swift */; };
		B64A9D8E2B0BBB7D0099D0EA /* ZLEditToolCells.swift in Sources */ = {isa = PBXBuildFile; fileRef = B64A9D4B2B0BBB7C0099D0EA /* ZLEditToolCells.swift */; };
		B64A9D8F2B0BBB7D0099D0EA /* ZLEditVideoViewController.swift in Sources */ = {isa = PBXBuildFile; fileRef = B64A9D4C2B0BBB7C0099D0EA /* ZLEditVideoViewController.swift */; };
		B64A9D902B0BBB7D0099D0EA /* ZLEditorManager.swift in Sources */ = {isa = PBXBuildFile; fileRef = B64A9D4D2B0BBB7C0099D0EA /* ZLEditorManager.swift */; };
		B64A9D912B0BBB7D0099D0EA /* ZLPaths.swift in Sources */ = {isa = PBXBuildFile; fileRef = B64A9D4E2B0BBB7C0099D0EA /* ZLPaths.swift */; };
		B6F56DF72B12E56A003CB1BE /* PhotoLibraryView.swift in Sources */ = {isa = PBXBuildFile; fileRef = B6F56DF62B12E56A003CB1BE /* PhotoLibraryView.swift */; };
		B6F56DF92B138864003CB1BE /* Date+Extensions.swift in Sources */ = {isa = PBXBuildFile; fileRef = B6F56DF82B138864003CB1BE /* Date+Extensions.swift */; };
		B6F56DFB2B14E797003CB1BE /* OrderInfoView.swift in Sources */ = {isa = PBXBuildFile; fileRef = B6F56DFA2B14E797003CB1BE /* OrderInfoView.swift */; };
/* End PBXBuildFile section */

/* Begin PBXFileReference section */
		058557BA273AAA24004C7B11 /* Assets.xcassets */ = {isa = PBXFileReference; lastKnownFileType = folder.assetcatalog; path = Assets.xcassets; sourceTree = "<group>"; };
		058557D8273AAEEB004C7B11 /* Preview Assets.xcassets */ = {isa = PBXFileReference; lastKnownFileType = folder.assetcatalog; path = "Preview Assets.xcassets"; sourceTree = "<group>"; };
		2152FB032600AC8F00CF470E /* iOSApp.swift */ = {isa = PBXFileReference; lastKnownFileType = sourcecode.swift; path = iOSApp.swift; sourceTree = "<group>"; };
		247C27E02AB667A800DD8D6D /* SpeedTest.swift */ = {isa = PBXFileReference; lastKnownFileType = sourcecode.swift; path = SpeedTest.swift; sourceTree = "<group>"; };
		247C27E32AB66C6700DD8D6D /* TrafficManager.swift */ = {isa = PBXFileReference; lastKnownFileType = sourcecode.swift; path = TrafficManager.swift; sourceTree = "<group>"; };
		247C27E52AB66C9100DD8D6D /* TrafficSummary.swift */ = {isa = PBXFileReference; lastKnownFileType = sourcecode.swift; path = TrafficSummary.swift; sourceTree = "<group>"; };
		247C27E72AB66DB100DD8D6D /* SwiftTimer.swift */ = {isa = PBXFileReference; lastKnownFileType = sourcecode.swift; path = SwiftTimer.swift; sourceTree = "<group>"; };
		247C27E92AB66E0500DD8D6D /* TrafficCounter.swift */ = {isa = PBXFileReference; lastKnownFileType = sourcecode.swift; path = TrafficCounter.swift; sourceTree = "<group>"; };
		247C27EB2AB66E1F00DD8D6D /* TrafficPackage.swift */ = {isa = PBXFileReference; lastKnownFileType = sourcecode.swift; path = TrafficPackage.swift; sourceTree = "<group>"; };
		247C27ED2AB66E3300DD8D6D /* TrafficSpeed.swift */ = {isa = PBXFileReference; lastKnownFileType = sourcecode.swift; path = TrafficSpeed.swift; sourceTree = "<group>"; };
		247C27EF2AB66E4800DD8D6D /* TrafficStatus.swift */ = {isa = PBXFileReference; lastKnownFileType = sourcecode.swift; path = TrafficStatus.swift; sourceTree = "<group>"; };
		247C27F12AB66E5E00DD8D6D /* TrafficData.swift */ = {isa = PBXFileReference; lastKnownFileType = sourcecode.swift; path = TrafficData.swift; sourceTree = "<group>"; };
		247C27F32AB66E7A00DD8D6D /* DoubleExtension.swift */ = {isa = PBXFileReference; lastKnownFileType = sourcecode.swift; path = DoubleExtension.swift; sourceTree = "<group>"; };
		247C27F52AB66E9100DD8D6D /* UInt64Extension.swift */ = {isa = PBXFileReference; lastKnownFileType = sourcecode.swift; path = UInt64Extension.swift; sourceTree = "<group>"; };
		4481DDF335247DEE1B96EA9C /* Pods-iosApp.debug.xcconfig */ = {isa = PBXFileReference; includeInIndex = 1; lastKnownFileType = text.xcconfig; name = "Pods-iosApp.debug.xcconfig"; path = "Target Support Files/Pods-iosApp/Pods-iosApp.debug.xcconfig"; sourceTree = "<group>"; };
		612A198EC70C87D4F6C16DCD /* Pods-iosApp.release.xcconfig */ = {isa = PBXFileReference; includeInIndex = 1; lastKnownFileType = text.xcconfig; name = "Pods-iosApp.release.xcconfig"; path = "Target Support Files/Pods-iosApp/Pods-iosApp.release.xcconfig"; sourceTree = "<group>"; };
		7555FF7B242A565900829871 /* iosApp.app */ = {isa = PBXFileReference; explicitFileType = wrapper.application; includeInIndex = 0; path = iosApp.app; sourceTree = BUILT_PRODUCTS_DIR; };
		7555FF82242A565900829871 /* ContentView.swift */ = {isa = PBXFileReference; lastKnownFileType = sourcecode.swift; path = ContentView.swift; sourceTree = "<group>"; };
		7555FF8C242A565B00829871 /* Info.plist */ = {isa = PBXFileReference; lastKnownFileType = text.plist.xml; path = Info.plist; sourceTree = "<group>"; };
		B636A0152B162FAF0017E6F3 /* ImageStickerContainerView.swift */ = {isa = PBXFileReference; lastKnownFileType = sourcecode.swift; path = ImageStickerContainerView.swift; sourceTree = "<group>"; };
		B636A01F2B1631D00017E6F3 /* ConstraintMultiplierTarget.swift */ = {isa = PBXFileReference; fileEncoding = 4; lastKnownFileType = sourcecode.swift; path = ConstraintMultiplierTarget.swift; sourceTree = "<group>"; };
		B636A0202B1631D00017E6F3 /* LayoutConstraintItem.swift */ = {isa = PBXFileReference; fileEncoding = 4; lastKnownFileType = sourcecode.swift; path = LayoutConstraintItem.swift; sourceTree = "<group>"; };
		B636A0212B1631D00017E6F3 /* ConstraintDescription.swift */ = {isa = PBXFileReference; fileEncoding = 4; lastKnownFileType = sourcecode.swift; path = ConstraintDescription.swift; sourceTree = "<group>"; };
		B636A0222B1631D00017E6F3 /* ConstraintMakerPriortizable.swift */ = {isa = PBXFileReference; fileEncoding = 4; lastKnownFileType = sourcecode.swift; path = ConstraintMakerPriortizable.swift; sourceTree = "<group>"; };
		B636A0232B1631D00017E6F3 /* ConstraintAttributes.swift */ = {isa = PBXFileReference; fileEncoding = 4; lastKnownFileType = sourcecode.swift; path = ConstraintAttributes.swift; sourceTree = "<group>"; };
		B636A0242B1631D00017E6F3 /* ConstraintViewDSL.swift */ = {isa = PBXFileReference; fileEncoding = 4; lastKnownFileType = sourcecode.swift; path = ConstraintViewDSL.swift; sourceTree = "<group>"; };
		B636A0252B1631D00017E6F3 /* ConstraintPriorityTarget.swift */ = {isa = PBXFileReference; fileEncoding = 4; lastKnownFileType = sourcecode.swift; path = ConstraintPriorityTarget.swift; sourceTree = "<group>"; };
		B636A0262B1631D00017E6F3 /* ConstraintInsets.swift */ = {isa = PBXFileReference; fileEncoding = 4; lastKnownFileType = sourcecode.swift; path = ConstraintInsets.swift; sourceTree = "<group>"; };
		B636A0272B1631D00017E6F3 /* ConstraintMakerFinalizable.swift */ = {isa = PBXFileReference; fileEncoding = 4; lastKnownFileType = sourcecode.swift; path = ConstraintMakerFinalizable.swift; sourceTree = "<group>"; };
		B636A0282B1631D00017E6F3 /* ConstraintDSL.swift */ = {isa = PBXFileReference; fileEncoding = 4; lastKnownFileType = sourcecode.swift; path = ConstraintDSL.swift; sourceTree = "<group>"; };
		B636A0292B1631D00017E6F3 /* ConstraintMakerExtendable.swift */ = {isa = PBXFileReference; fileEncoding = 4; lastKnownFileType = sourcecode.swift; path = ConstraintMakerExtendable.swift; sourceTree = "<group>"; };
		B636A02A2B1631D00017E6F3 /* ConstraintPriority.swift */ = {isa = PBXFileReference; fileEncoding = 4; lastKnownFileType = sourcecode.swift; path = ConstraintPriority.swift; sourceTree = "<group>"; };
		B636A02B2B1631D00017E6F3 /* ConstraintInsetTarget.swift */ = {isa = PBXFileReference; fileEncoding = 4; lastKnownFileType = sourcecode.swift; path = ConstraintInsetTarget.swift; sourceTree = "<group>"; };
		B636A02C2B1631D00017E6F3 /* ConstraintDirectionalInsetTarget.swift */ = {isa = PBXFileReference; fileEncoding = 4; lastKnownFileType = sourcecode.swift; path = ConstraintDirectionalInsetTarget.swift; sourceTree = "<group>"; };
		B636A02D2B1631D00017E6F3 /* SnapKit.h */ = {isa = PBXFileReference; fileEncoding = 4; lastKnownFileType = sourcecode.c.h; path = SnapKit.h; sourceTree = "<group>"; };
		B636A02E2B1631D00017E6F3 /* ConstraintMakerRelatable+Extensions.swift */ = {isa = PBXFileReference; fileEncoding = 4; lastKnownFileType = sourcecode.swift; path = "ConstraintMakerRelatable+Extensions.swift"; sourceTree = "<group>"; };
		B636A02F2B1631D00017E6F3 /* ConstraintConfig.swift */ = {isa = PBXFileReference; fileEncoding = 4; lastKnownFileType = sourcecode.swift; path = ConstraintConfig.swift; sourceTree = "<group>"; };
		B636A0302B1631D00017E6F3 /* UILayoutSupport+Extensions.swift */ = {isa = PBXFileReference; fileEncoding = 4; lastKnownFileType = sourcecode.swift; path = "UILayoutSupport+Extensions.swift"; sourceTree = "<group>"; };
		B636A0312B1631D00017E6F3 /* ConstraintView.swift */ = {isa = PBXFileReference; fileEncoding = 4; lastKnownFileType = sourcecode.swift; path = ConstraintView.swift; sourceTree = "<group>"; };
		B636A0322B1631D00017E6F3 /* ConstraintLayoutGuide.swift */ = {isa = PBXFileReference; fileEncoding = 4; lastKnownFileType = sourcecode.swift; path = ConstraintLayoutGuide.swift; sourceTree = "<group>"; };
		B636A0332B1631D00017E6F3 /* ConstraintLayoutSupport.swift */ = {isa = PBXFileReference; fileEncoding = 4; lastKnownFileType = sourcecode.swift; path = ConstraintLayoutSupport.swift; sourceTree = "<group>"; };
		B636A0342B1631D00017E6F3 /* Typealiases.swift */ = {isa = PBXFileReference; fileEncoding = 4; lastKnownFileType = sourcecode.swift; path = Typealiases.swift; sourceTree = "<group>"; };
		B636A0352B1631D00017E6F3 /* ConstraintConstantTarget.swift */ = {isa = PBXFileReference; fileEncoding = 4; lastKnownFileType = sourcecode.swift; path = ConstraintConstantTarget.swift; sourceTree = "<group>"; };
		B636A0362B1631D00017E6F3 /* ConstraintOffsetTarget.swift */ = {isa = PBXFileReference; fileEncoding = 4; lastKnownFileType = sourcecode.swift; path = ConstraintOffsetTarget.swift; sourceTree = "<group>"; };
		B636A0372B1631D00017E6F3 /* ConstraintMakerEditable.swift */ = {isa = PBXFileReference; fileEncoding = 4; lastKnownFileType = sourcecode.swift; path = ConstraintMakerEditable.swift; sourceTree = "<group>"; };
		B636A0382B1631D00017E6F3 /* ConstraintMaker.swift */ = {isa = PBXFileReference; fileEncoding = 4; lastKnownFileType = sourcecode.swift; path = ConstraintMaker.swift; sourceTree = "<group>"; };
		B636A0392B1631D00017E6F3 /* ConstraintRelation.swift */ = {isa = PBXFileReference; fileEncoding = 4; lastKnownFileType = sourcecode.swift; path = ConstraintRelation.swift; sourceTree = "<group>"; };
		B636A03A2B1631D00017E6F3 /* ConstraintLayoutGuideDSL.swift */ = {isa = PBXFileReference; fileEncoding = 4; lastKnownFileType = sourcecode.swift; path = ConstraintLayoutGuideDSL.swift; sourceTree = "<group>"; };
		B636A03B2B1631D00017E6F3 /* ConstraintView+Extensions.swift */ = {isa = PBXFileReference; fileEncoding = 4; lastKnownFileType = sourcecode.swift; path = "ConstraintView+Extensions.swift"; sourceTree = "<group>"; };
		B636A03C2B1631D00017E6F3 /* ConstraintItem.swift */ = {isa = PBXFileReference; fileEncoding = 4; lastKnownFileType = sourcecode.swift; path = ConstraintItem.swift; sourceTree = "<group>"; };
		B636A03D2B1631D00017E6F3 /* Constraint.swift */ = {isa = PBXFileReference; fileEncoding = 4; lastKnownFileType = sourcecode.swift; path = Constraint.swift; sourceTree = "<group>"; };
		B636A03E2B1631D00017E6F3 /* Debugging.swift */ = {isa = PBXFileReference; fileEncoding = 4; lastKnownFileType = sourcecode.swift; path = Debugging.swift; sourceTree = "<group>"; };
		B636A03F2B1631D00017E6F3 /* ConstraintRelatableTarget.swift */ = {isa = PBXFileReference; fileEncoding = 4; lastKnownFileType = sourcecode.swift; path = ConstraintRelatableTarget.swift; sourceTree = "<group>"; };
		B636A0402B1631D00017E6F3 /* LayoutConstraint.swift */ = {isa = PBXFileReference; fileEncoding = 4; lastKnownFileType = sourcecode.swift; path = LayoutConstraint.swift; sourceTree = "<group>"; };
		B636A0412B1631D00017E6F3 /* ConstraintLayoutGuide+Extensions.swift */ = {isa = PBXFileReference; fileEncoding = 4; lastKnownFileType = sourcecode.swift; path = "ConstraintLayoutGuide+Extensions.swift"; sourceTree = "<group>"; };
		B636A0422B1631D00017E6F3 /* ConstraintDirectionalInsets.swift */ = {isa = PBXFileReference; fileEncoding = 4; lastKnownFileType = sourcecode.swift; path = ConstraintDirectionalInsets.swift; sourceTree = "<group>"; };
		B636A0432B1631D00017E6F3 /* ConstraintLayoutSupportDSL.swift */ = {isa = PBXFileReference; fileEncoding = 4; lastKnownFileType = sourcecode.swift; path = ConstraintLayoutSupportDSL.swift; sourceTree = "<group>"; };
		B636A0442B1631D00017E6F3 /* ConstraintMakerRelatable.swift */ = {isa = PBXFileReference; fileEncoding = 4; lastKnownFileType = sourcecode.swift; path = ConstraintMakerRelatable.swift; sourceTree = "<group>"; };
		B64A9C802B09C9E80099D0EA /* ViewModel.swift */ = {isa = PBXFileReference; lastKnownFileType = sourcecode.swift; path = ViewModel.swift; sourceTree = "<group>"; };
		B64A9C822B09D6B20099D0EA /* AppDelegate.swift */ = {isa = PBXFileReference; lastKnownFileType = sourcecode.swift; path = AppDelegate.swift; sourceTree = "<group>"; };
		B64A9C842B09D7360099D0EA /* Constants.swift */ = {isa = PBXFileReference; lastKnownFileType = sourcecode.swift; path = Constants.swift; sourceTree = "<group>"; };
		B64A9C862B09D7950099D0EA /* UploadUtils.swift */ = {isa = PBXFileReference; lastKnownFileType = sourcecode.swift; path = UploadUtils.swift; sourceTree = "<group>"; };
		B64A9C8A2B09E5650099D0EA /* ScannerView.swift */ = {isa = PBXFileReference; lastKnownFileType = sourcecode.swift; path = ScannerView.swift; sourceTree = "<group>"; };
		B64A9C8C2B09E5C80099D0EA /* RoundRectView.swift */ = {isa = PBXFileReference; lastKnownFileType = sourcecode.swift; path = RoundRectView.swift; sourceTree = "<group>"; };
		B64A9C8E2B09E5E20099D0EA /* RoundedRectLabel.swift */ = {isa = PBXFileReference; lastKnownFileType = sourcecode.swift; path = RoundedRectLabel.swift; sourceTree = "<group>"; };
		B64A9C922B0A1AFD0099D0EA /* Camera.swift */ = {isa = PBXFileReference; lastKnownFileType = sourcecode.swift; path = Camera.swift; sourceTree = "<group>"; };
		B64A9C942B0A1B180099D0EA /* CachedImageManager.swift */ = {isa = PBXFileReference; lastKnownFileType = sourcecode.swift; path = CachedImageManager.swift; sourceTree = "<group>"; };
		B64A9C962B0A1B330099D0EA /* CameraView.swift */ = {isa = PBXFileReference; lastKnownFileType = sourcecode.swift; path = CameraView.swift; sourceTree = "<group>"; };
		B64A9C982B0A1B4C0099D0EA /* DataModel.swift */ = {isa = PBXFileReference; lastKnownFileType = sourcecode.swift; path = DataModel.swift; sourceTree = "<group>"; };
		B64A9C9A2B0A1B620099D0EA /* CameraPhotoAsset.swift */ = {isa = PBXFileReference; lastKnownFileType = sourcecode.swift; path = CameraPhotoAsset.swift; sourceTree = "<group>"; };
		B64A9C9C2B0A1B730099D0EA /* PhotoAssetCollection.swift */ = {isa = PBXFileReference; lastKnownFileType = sourcecode.swift; path = PhotoAssetCollection.swift; sourceTree = "<group>"; };
		B64A9C9E2B0A1B870099D0EA /* PhotoCollection.swift */ = {isa = PBXFileReference; lastKnownFileType = sourcecode.swift; path = PhotoCollection.swift; sourceTree = "<group>"; };
		B64A9CA02B0A1BA50099D0EA /* PhotoCollectionView.swift */ = {isa = PBXFileReference; lastKnownFileType = sourcecode.swift; path = PhotoCollectionView.swift; sourceTree = "<group>"; };
		B64A9CA22B0A1BBE0099D0EA /* PhotoItemView.swift */ = {isa = PBXFileReference; lastKnownFileType = sourcecode.swift; path = PhotoItemView.swift; sourceTree = "<group>"; };
		B64A9CA42B0A1BD00099D0EA /* PhotoLibrary.swift */ = {isa = PBXFileReference; lastKnownFileType = sourcecode.swift; path = PhotoLibrary.swift; sourceTree = "<group>"; };
		B64A9CA62B0A1BE50099D0EA /* PhotoView.swift */ = {isa = PBXFileReference; lastKnownFileType = sourcecode.swift; path = PhotoView.swift; sourceTree = "<group>"; };
		B64A9CA82B0A1BF80099D0EA /* ThumbnailView.swift */ = {isa = PBXFileReference; lastKnownFileType = sourcecode.swift; path = ThumbnailView.swift; sourceTree = "<group>"; };
		B64A9CAA2B0A1C090099D0EA /* ViewfinderView.swift */ = {isa = PBXFileReference; lastKnownFileType = sourcecode.swift; path = ViewfinderView.swift; sourceTree = "<group>"; };
		B64A9CAC2B0A1E090099D0EA /* TrafficView.swift */ = {isa = PBXFileReference; lastKnownFileType = sourcecode.swift; path = TrafficView.swift; sourceTree = "<group>"; };
		B64A9CAF2B0A28070099D0EA /* VideoContentView.swift */ = {isa = PBXFileReference; lastKnownFileType = sourcecode.swift; path = VideoContentView.swift; sourceTree = "<group>"; };
		B64A9CB12B0A28470099D0EA /* VideoContentViewModel.swift */ = {isa = PBXFileReference; lastKnownFileType = sourcecode.swift; path = VideoContentViewModel.swift; sourceTree = "<group>"; };
		B64A9CB62B0A29040099D0EA /* SettingView.swift */ = {isa = PBXFileReference; lastKnownFileType = sourcecode.swift; path = SettingView.swift; sourceTree = "<group>"; };
		B64A9CB82B0A29160099D0EA /* GalleryView.swift */ = {isa = PBXFileReference; lastKnownFileType = sourcecode.swift; path = GalleryView.swift; sourceTree = "<group>"; };
		B64A9CBB2B0A65640099D0EA /* GalleryModel.swift */ = {isa = PBXFileReference; lastKnownFileType = sourcecode.swift; path = GalleryModel.swift; sourceTree = "<group>"; };
		B64A9CBD2B0A65940099D0EA /* Item.swift */ = {isa = PBXFileReference; lastKnownFileType = sourcecode.swift; path = Item.swift; sourceTree = "<group>"; };
		B64A9CBF2B0A65C30099D0EA /* GridView.swift */ = {isa = PBXFileReference; lastKnownFileType = sourcecode.swift; path = GridView.swift; sourceTree = "<group>"; };
		B64A9CC12B0A65E60099D0EA /* DetailView.swift */ = {isa = PBXFileReference; lastKnownFileType = sourcecode.swift; path = DetailView.swift; sourceTree = "<group>"; };
		B64A9CC32B0A66140099D0EA /* GridItemView.swift */ = {isa = PBXFileReference; lastKnownFileType = sourcecode.swift; path = GridItemView.swift; sourceTree = "<group>"; };
		B64A9CC72B0A66CA0099D0EA /* FileManagerExtensions.swift */ = {isa = PBXFileReference; lastKnownFileType = sourcecode.swift; path = FileManagerExtensions.swift; sourceTree = "<group>"; };
		B64A9CC92B0B9A1C0099D0EA /* Test.swift */ = {isa = PBXFileReference; lastKnownFileType = sourcecode.swift; path = Test.swift; sourceTree = "<group>"; };
		B64A9D042B0BBAE10099D0EA /* ZLCameraView.swift */ = {isa = PBXFileReference; lastKnownFileType = sourcecode.swift; path = ZLCameraView.swift; sourceTree = "<group>"; };
		B64A9D072B0BBB7C0099D0EA /* ZLPhotoBrowser.h */ = {isa = PBXFileReference; fileEncoding = 4; lastKnownFileType = sourcecode.c.h; path = ZLPhotoBrowser.h; sourceTree = "<group>"; };
		B64A9D082B0BBB7C0099D0EA /* ZLPhotoBrowser.bundle */ = {isa = PBXFileReference; lastKnownFileType = "wrapper.plug-in"; path = ZLPhotoBrowser.bundle; sourceTree = "<group>"; };
		B64A9D0A2B0BBB7C0099D0EA /* ZLImagePreviewController.swift */ = {isa = PBXFileReference; fileEncoding = 4; lastKnownFileType = sourcecode.swift; path = ZLImagePreviewController.swift; sourceTree = "<group>"; };
		B64A9D0B2B0BBB7C0099D0EA /* ZLCameraConfiguration.swift */ = {isa = PBXFileReference; fileEncoding = 4; lastKnownFileType = sourcecode.swift; path = ZLCameraConfiguration.swift; sourceTree = "<group>"; };
		B64A9D0C2B0BBB7C0099D0EA /* ZLResultModel.swift */ = {isa = PBXFileReference; fileEncoding = 4; lastKnownFileType = sourcecode.swift; path = ZLResultModel.swift; sourceTree = "<group>"; };
		B64A9D0D2B0BBB7C0099D0EA /* ZLPhotoManager.swift */ = {isa = PBXFileReference; fileEncoding = 4; lastKnownFileType = sourcecode.swift; path = ZLPhotoManager.swift; sourceTree = "<group>"; };
		B64A9D0E2B0BBB7C0099D0EA /* ZLPhotoModel.swift */ = {isa = PBXFileReference; fileEncoding = 4; lastKnownFileType = sourcecode.swift; path = ZLPhotoModel.swift; sourceTree = "<group>"; };
		B64A9D0F2B0BBB7C0099D0EA /* ZLEnlargeButton.swift */ = {isa = PBXFileReference; fileEncoding = 4; lastKnownFileType = sourcecode.swift; path = ZLEnlargeButton.swift; sourceTree = "<group>"; };
		B64A9D102B0BBB7C0099D0EA /* ZLAnimationUtils.swift */ = {isa = PBXFileReference; fileEncoding = 4; lastKnownFileType = sourcecode.swift; path = ZLAnimationUtils.swift; sourceTree = "<group>"; };
		B64A9D112B0BBB7C0099D0EA /* ZLWeakProxy.swift */ = {isa = PBXFileReference; fileEncoding = 4; lastKnownFileType = sourcecode.swift; path = ZLWeakProxy.swift; sourceTree = "<group>"; };
		B64A9D122B0BBB7C0099D0EA /* ZLPhotoPreviewCell.swift */ = {isa = PBXFileReference; fileEncoding = 4; lastKnownFileType = sourcecode.swift; path = ZLPhotoPreviewCell.swift; sourceTree = "<group>"; };
		B64A9D132B0BBB7C0099D0EA /* ZLProgressHUD.swift */ = {isa = PBXFileReference; fileEncoding = 4; lastKnownFileType = sourcecode.swift; path = ZLProgressHUD.swift; sourceTree = "<group>"; };
		B64A9D142B0BBB7C0099D0EA /* ZLFetchImageOperation.swift */ = {isa = PBXFileReference; fileEncoding = 4; lastKnownFileType = sourcecode.swift; path = ZLFetchImageOperation.swift; sourceTree = "<group>"; };
		B64A9D152B0BBB7C0099D0EA /* ZLAlbumListController.swift */ = {isa = PBXFileReference; fileEncoding = 4; lastKnownFileType = sourcecode.swift; path = ZLAlbumListController.swift; sourceTree = "<group>"; };
		B64A9D162B0BBB7C0099D0EA /* ZLEmbedAlbumListView.swift */ = {isa = PBXFileReference; fileEncoding = 4; lastKnownFileType = sourcecode.swift; path = ZLEmbedAlbumListView.swift; sourceTree = "<group>"; };
		B64A9D172B0BBB7C0099D0EA /* ZLLanguageDefine.swift */ = {isa = PBXFileReference; fileEncoding = 4; lastKnownFileType = sourcecode.swift; path = ZLLanguageDefine.swift; sourceTree = "<group>"; };
		B64A9D182B0BBB7C0099D0EA /* ZLCustomAlertProtocol.swift */ = {isa = PBXFileReference; fileEncoding = 4; lastKnownFileType = sourcecode.swift; path = ZLCustomAlertProtocol.swift; sourceTree = "<group>"; };
		B64A9D192B0BBB7C0099D0EA /* ZLPhotoPreviewSheet.swift */ = {isa = PBXFileReference; fileEncoding = 4; lastKnownFileType = sourcecode.swift; path = ZLPhotoPreviewSheet.swift; sourceTree = "<group>"; };
		B64A9D1A2B0BBB7C0099D0EA /* ZLAlbumListCell.swift */ = {isa = PBXFileReference; fileEncoding = 4; lastKnownFileType = sourcecode.swift; path = ZLAlbumListCell.swift; sourceTree = "<group>"; };
		B64A9D1B2B0BBB7C0099D0EA /* ZLEditImageConfiguration.swift */ = {isa = PBXFileReference; fileEncoding = 4; lastKnownFileType = sourcecode.swift; path = ZLEditImageConfiguration.swift; sourceTree = "<group>"; };
		B64A9D1C2B0BBB7C0099D0EA /* ZLPhotoUIConfiguration+Chaining.swift */ = {isa = PBXFileReference; fileEncoding = 4; lastKnownFileType = sourcecode.swift; path = "ZLPhotoUIConfiguration+Chaining.swift"; sourceTree = "<group>"; };
		B64A9D1D2B0BBB7C0099D0EA /* ZLPhotoPreviewController.swift */ = {isa = PBXFileReference; fileEncoding = 4; lastKnownFileType = sourcecode.swift; path = ZLPhotoPreviewController.swift; sourceTree = "<group>"; };
		B64A9D1E2B0BBB7C0099D0EA /* ZLPhotoUIConfiguration.swift */ = {isa = PBXFileReference; fileEncoding = 4; lastKnownFileType = sourcecode.swift; path = ZLPhotoUIConfiguration.swift; sourceTree = "<group>"; };
		B64A9D1F2B0BBB7C0099D0EA /* ZLImageNavController.swift */ = {isa = PBXFileReference; fileEncoding = 4; lastKnownFileType = sourcecode.swift; path = ZLImageNavController.swift; sourceTree = "<group>"; };
		B64A9D202B0BBB7C0099D0EA /* ZLThumbnailViewController.swift */ = {isa = PBXFileReference; fileEncoding = 4; lastKnownFileType = sourcecode.swift; path = ZLThumbnailViewController.swift; sourceTree = "<group>"; };
		B64A9D212B0BBB7C0099D0EA /* ZLVideoManager.swift */ = {isa = PBXFileReference; fileEncoding = 4; lastKnownFileType = sourcecode.swift; path = ZLVideoManager.swift; sourceTree = "<group>"; };
		B64A9D222B0BBB7C0099D0EA /* ZLAddPhotoCell.swift */ = {isa = PBXFileReference; fileEncoding = 4; lastKnownFileType = sourcecode.swift; path = ZLAddPhotoCell.swift; sourceTree = "<group>"; };
		B64A9D232B0BBB7C0099D0EA /* ZLGeneralDefine.swift */ = {isa = PBXFileReference; fileEncoding = 4; lastKnownFileType = sourcecode.swift; path = ZLGeneralDefine.swift; sourceTree = "<group>"; };
		B64A9D242B0BBB7C0099D0EA /* ZLThumbnailPhotoCell.swift */ = {isa = PBXFileReference; fileEncoding = 4; lastKnownFileType = sourcecode.swift; path = ZLThumbnailPhotoCell.swift; sourceTree = "<group>"; };
		B64A9D252B0BBB7C0099D0EA /* ZLCollectionViewFlowLayout.swift */ = {isa = PBXFileReference; fileEncoding = 4; lastKnownFileType = sourcecode.swift; path = ZLCollectionViewFlowLayout.swift; sourceTree = "<group>"; };
		B64A9D262B0BBB7C0099D0EA /* ZLProgressView.swift */ = {isa = PBXFileReference; fileEncoding = 4; lastKnownFileType = sourcecode.swift; path = ZLProgressView.swift; sourceTree = "<group>"; };
		B64A9D272B0BBB7C0099D0EA /* ZLPhotoConfiguration.swift */ = {isa = PBXFileReference; fileEncoding = 4; lastKnownFileType = sourcecode.swift; path = ZLPhotoConfiguration.swift; sourceTree = "<group>"; };
		B64A9D282B0BBB7C0099D0EA /* ZLPhotoBrowser.swift */ = {isa = PBXFileReference; fileEncoding = 4; lastKnownFileType = sourcecode.swift; path = ZLPhotoBrowser.swift; sourceTree = "<group>"; };
		B64A9D292B0BBB7C0099D0EA /* ZLPhotoConfiguration+Chaining.swift */ = {isa = PBXFileReference; fileEncoding = 4; lastKnownFileType = sourcecode.swift; path = "ZLPhotoConfiguration+Chaining.swift"; sourceTree = "<group>"; };
		B64A9D2A2B0BBB7C0099D0EA /* ZLAlbumListModel.swift */ = {isa = PBXFileReference; fileEncoding = 4; lastKnownFileType = sourcecode.swift; path = ZLAlbumListModel.swift; sourceTree = "<group>"; };
		B64A9D2B2B0BBB7C0099D0EA /* ZLCameraCell.swift */ = {isa = PBXFileReference; fileEncoding = 4; lastKnownFileType = sourcecode.swift; path = ZLCameraCell.swift; sourceTree = "<group>"; };
		B64A9D2D2B0BBB7C0099D0EA /* ZLCustomCamera.swift */ = {isa = PBXFileReference; fileEncoding = 4; lastKnownFileType = sourcecode.swift; path = ZLCustomCamera.swift; sourceTree = "<group>"; };
		B64A9D2F2B0BBB7C0099D0EA /* ZLPhotoPreviewAnimatedTransition.swift */ = {isa = PBXFileReference; fileEncoding = 4; lastKnownFileType = sourcecode.swift; path = ZLPhotoPreviewAnimatedTransition.swift; sourceTree = "<group>"; };
		B64A9D302B0BBB7C0099D0EA /* ZLClipImageDismissAnimatedTransition.swift */ = {isa = PBXFileReference; fileEncoding = 4; lastKnownFileType = sourcecode.swift; path = ZLClipImageDismissAnimatedTransition.swift; sourceTree = "<group>"; };
		B64A9D312B0BBB7C0099D0EA /* ZLPhotoPreviewPopInteractiveTransition.swift */ = {isa = PBXFileReference; fileEncoding = 4; lastKnownFileType = sourcecode.swift; path = ZLPhotoPreviewPopInteractiveTransition.swift; sourceTree = "<group>"; };
		B64A9D332B0BBB7C0099D0EA /* UIView+ZLPhotoBrowser.swift */ = {isa = PBXFileReference; fileEncoding = 4; lastKnownFileType = sourcecode.swift; path = "UIView+ZLPhotoBrowser.swift"; sourceTree = "<group>"; };
		B64A9D342B0BBB7C0099D0EA /* Bundle+ZLPhotoBrowser.swift */ = {isa = PBXFileReference; fileEncoding = 4; lastKnownFileType = sourcecode.swift; path = "Bundle+ZLPhotoBrowser.swift"; sourceTree = "<group>"; };
		B64A9D352B0BBB7C0099D0EA /* NSError+ZLPhotoBrowser.swift */ = {isa = PBXFileReference; fileEncoding = 4; lastKnownFileType = sourcecode.swift; path = "NSError+ZLPhotoBrowser.swift"; sourceTree = "<group>"; };
		B64A9D362B0BBB7C0099D0EA /* UIImage+ZLPhotoBrowser.swift */ = {isa = PBXFileReference; fileEncoding = 4; lastKnownFileType = sourcecode.swift; path = "UIImage+ZLPhotoBrowser.swift"; sourceTree = "<group>"; };
		B64A9D372B0BBB7C0099D0EA /* String+ZLPhotoBrowser.swift */ = {isa = PBXFileReference; fileEncoding = 4; lastKnownFileType = sourcecode.swift; path = "String+ZLPhotoBrowser.swift"; sourceTree = "<group>"; };
		B64A9D382B0BBB7C0099D0EA /* Bool+ZLPhotoBrowser.swift */ = {isa = PBXFileReference; fileEncoding = 4; lastKnownFileType = sourcecode.swift; path = "Bool+ZLPhotoBrowser.swift"; sourceTree = "<group>"; };
		B64A9D392B0BBB7C0099D0EA /* Cell+ZLPhotoBrowser.swift */ = {isa = PBXFileReference; fileEncoding = 4; lastKnownFileType = sourcecode.swift; path = "Cell+ZLPhotoBrowser.swift"; sourceTree = "<group>"; };
		B64A9D3A2B0BBB7C0099D0EA /* UIScrollView+ZLPhotoBrowser.swift */ = {isa = PBXFileReference; fileEncoding = 4; lastKnownFileType = sourcecode.swift; path = "UIScrollView+ZLPhotoBrowser.swift"; sourceTree = "<group>"; };
		B64A9D3B2B0BBB7C0099D0EA /* UIFont+ZLPhotoBrowser.swift */ = {isa = PBXFileReference; fileEncoding = 4; lastKnownFileType = sourcecode.swift; path = "UIFont+ZLPhotoBrowser.swift"; sourceTree = "<group>"; };
		B64A9D3C2B0BBB7C0099D0EA /* UIViewController+ZLPhotoBrowser.swift */ = {isa = PBXFileReference; fileEncoding = 4; lastKnownFileType = sourcecode.swift; path = "UIViewController+ZLPhotoBrowser.swift"; sourceTree = "<group>"; };
		B64A9D3D2B0BBB7C0099D0EA /* Array+ZLPhotoBrowser.swift */ = {isa = PBXFileReference; fileEncoding = 4; lastKnownFileType = sourcecode.swift; path = "Array+ZLPhotoBrowser.swift"; sourceTree = "<group>"; };
		B64A9D3E2B0BBB7C0099D0EA /* CGFloat+ZLPhotoBrowser.swift */ = {isa = PBXFileReference; fileEncoding = 4; lastKnownFileType = sourcecode.swift; path = "CGFloat+ZLPhotoBrowser.swift"; sourceTree = "<group>"; };
		B64A9D3F2B0BBB7C0099D0EA /* PHAsset+ZLPhotoBrowser.swift */ = {isa = PBXFileReference; fileEncoding = 4; lastKnownFileType = sourcecode.swift; path = "PHAsset+ZLPhotoBrowser.swift"; sourceTree = "<group>"; };
		B64A9D402B0BBB7C0099D0EA /* UIColor+ZLPhotoBrowser.swift */ = {isa = PBXFileReference; fileEncoding = 4; lastKnownFileType = sourcecode.swift; path = "UIColor+ZLPhotoBrowser.swift"; sourceTree = "<group>"; };
		B64A9D422B0BBB7C0099D0EA /* ZLInputTextViewController.swift */ = {isa = PBXFileReference; fileEncoding = 4; lastKnownFileType = sourcecode.swift; path = ZLInputTextViewController.swift; sourceTree = "<group>"; };
		B64A9D432B0BBB7C0099D0EA /* ZLBaseStickerView.swift */ = {isa = PBXFileReference; fileEncoding = 4; lastKnownFileType = sourcecode.swift; path = ZLBaseStickerView.swift; sourceTree = "<group>"; };
		B64A9D442B0BBB7C0099D0EA /* ZLBaseStickertState.swift */ = {isa = PBXFileReference; fileEncoding = 4; lastKnownFileType = sourcecode.swift; path = ZLBaseStickertState.swift; sourceTree = "<group>"; };
		B64A9D452B0BBB7C0099D0EA /* ZLClipImageViewController.swift */ = {isa = PBXFileReference; fileEncoding = 4; lastKnownFileType = sourcecode.swift; path = ZLClipImageViewController.swift; sourceTree = "<group>"; };
		B64A9D462B0BBB7C0099D0EA /* ZLImageStickerView.swift */ = {isa = PBXFileReference; fileEncoding = 4; lastKnownFileType = sourcecode.swift; path = ZLImageStickerView.swift; sourceTree = "<group>"; };
		B64A9D472B0BBB7C0099D0EA /* ZLAdjustSlider.swift */ = {isa = PBXFileReference; fileEncoding = 4; lastKnownFileType = sourcecode.swift; path = ZLAdjustSlider.swift; sourceTree = "<group>"; };
		B64A9D482B0BBB7C0099D0EA /* ZLEditImageViewController.swift */ = {isa = PBXFileReference; fileEncoding = 4; lastKnownFileType = sourcecode.swift; path = ZLEditImageViewController.swift; sourceTree = "<group>"; };
		B64A9D492B0BBB7C0099D0EA /* ZLFilter.swift */ = {isa = PBXFileReference; fileEncoding = 4; lastKnownFileType = sourcecode.swift; path = ZLFilter.swift; sourceTree = "<group>"; };
		B64A9D4A2B0BBB7C0099D0EA /* ZLTextStickerView.swift */ = {isa = PBXFileReference; fileEncoding = 4; lastKnownFileType = sourcecode.swift; path = ZLTextStickerView.swift; sourceTree = "<group>"; };
		B64A9D4B2B0BBB7C0099D0EA /* ZLEditToolCells.swift */ = {isa = PBXFileReference; fileEncoding = 4; lastKnownFileType = sourcecode.swift; path = ZLEditToolCells.swift; sourceTree = "<group>"; };
		B64A9D4C2B0BBB7C0099D0EA /* ZLEditVideoViewController.swift */ = {isa = PBXFileReference; fileEncoding = 4; lastKnownFileType = sourcecode.swift; path = ZLEditVideoViewController.swift; sourceTree = "<group>"; };
		B64A9D4D2B0BBB7C0099D0EA /* ZLEditorManager.swift */ = {isa = PBXFileReference; fileEncoding = 4; lastKnownFileType = sourcecode.swift; path = ZLEditorManager.swift; sourceTree = "<group>"; };
		B64A9D4E2B0BBB7C0099D0EA /* ZLPaths.swift */ = {isa = PBXFileReference; fileEncoding = 4; lastKnownFileType = sourcecode.swift; path = ZLPaths.swift; sourceTree = "<group>"; };
		B6F56DF62B12E56A003CB1BE /* PhotoLibraryView.swift */ = {isa = PBXFileReference; lastKnownFileType = sourcecode.swift; path = PhotoLibraryView.swift; sourceTree = "<group>"; };
		B6F56DF82B138864003CB1BE /* Date+Extensions.swift */ = {isa = PBXFileReference; lastKnownFileType = sourcecode.swift; path = "Date+Extensions.swift"; sourceTree = "<group>"; };
		B6F56DFA2B14E797003CB1BE /* OrderInfoView.swift */ = {isa = PBXFileReference; lastKnownFileType = sourcecode.swift; path = OrderInfoView.swift; sourceTree = "<group>"; };
		C0E5A5EAD40C82EFD0EE58D0 /* Pods_iosApp.framework */ = {isa = PBXFileReference; explicitFileType = wrapper.framework; includeInIndex = 0; path = Pods_iosApp.framework; sourceTree = BUILT_PRODUCTS_DIR; };
/* End PBXFileReference section */

/* Begin PBXFrameworksBuildPhase section */
		D69B5585E6AE8707F6544B0C /* Frameworks */ = {
			isa = PBXFrameworksBuildPhase;
			buildActionMask = 2147483647;
			files = (
				B636A06C2B1633C70017E6F3 /* FLAnimatedImage in Frameworks */,
				7F09F51E0FAE620AE2AD2728 /* Pods_iosApp.framework in Frameworks */,
				B64A9CB52B0A28800099D0EA /* Aespa in Frameworks */,
			);
			runOnlyForDeploymentPostprocessing = 0;
		};
/* End PBXFrameworksBuildPhase section */

/* Begin PBXGroup section */
		058557D7273AAEEB004C7B11 /* Preview Content */ = {
			isa = PBXGroup;
			children = (
				058557D8273AAEEB004C7B11 /* Preview Assets.xcassets */,
			);
			path = "Preview Content";
			sourceTree = "<group>";
		};
		247C27E22AB66C5600DD8D6D /* Traffic */ = {
			isa = PBXGroup;
			children = (
				247C27E32AB66C6700DD8D6D /* TrafficManager.swift */,
				247C27E52AB66C9100DD8D6D /* TrafficSummary.swift */,
				247C27E92AB66E0500DD8D6D /* TrafficCounter.swift */,
				247C27EB2AB66E1F00DD8D6D /* TrafficPackage.swift */,
				247C27ED2AB66E3300DD8D6D /* TrafficSpeed.swift */,
				247C27EF2AB66E4800DD8D6D /* TrafficStatus.swift */,
				247C27F12AB66E5E00DD8D6D /* TrafficData.swift */,
				247C27F32AB66E7A00DD8D6D /* DoubleExtension.swift */,
				247C27F52AB66E9100DD8D6D /* UInt64Extension.swift */,
				B64A9CAC2B0A1E090099D0EA /* TrafficView.swift */,
			);
			path = Traffic;
			sourceTree = "<group>";
		};
		55CA293995A771C61B18F110 /* Pods */ = {
			isa = PBXGroup;
			children = (
				4481DDF335247DEE1B96EA9C /* Pods-iosApp.debug.xcconfig */,
				612A198EC70C87D4F6C16DCD /* Pods-iosApp.release.xcconfig */,
			);
			path = Pods;
			sourceTree = "<group>";
		};
		7555FF72242A565900829871 = {
			isa = PBXGroup;
			children = (
				7555FF7D242A565900829871 /* iosApp */,
				7555FF7C242A565900829871 /* Products */,
				55CA293995A771C61B18F110 /* Pods */,
				9DA4FF6D7A7D7483907E58EF /* Frameworks */,
			);
			sourceTree = "<group>";
		};
		7555FF7C242A565900829871 /* Products */ = {
			isa = PBXGroup;
			children = (
				7555FF7B242A565900829871 /* iosApp.app */,
			);
			name = Products;
			sourceTree = "<group>";
		};
		7555FF7D242A565900829871 /* iosApp */ = {
			isa = PBXGroup;
			children = (
				B636A01E2B1631D00017E6F3 /* SnapKit */,
				B64A9D062B0BBB7C0099D0EA /* ZLCamera */,
				B64A9CBA2B0A65490099D0EA /* gallery */,
				B64A9CAE2B0A27F80099D0EA /* video */,
				B64A9C912B0A1AEB0099D0EA /* photo */,
				B64A9C892B09E5550099D0EA /* view */,
				B64A9C882B09D7980099D0EA /* utils */,
				B64A9C7F2B09C9D40099D0EA /* data */,
				247C27E22AB66C5600DD8D6D /* Traffic */,
				058557BA273AAA24004C7B11 /* Assets.xcassets */,
				7555FF82242A565900829871 /* ContentView.swift */,
				7555FF8C242A565B00829871 /* Info.plist */,
				2152FB032600AC8F00CF470E /* iOSApp.swift */,
				058557D7273AAEEB004C7B11 /* Preview Content */,
				247C27E02AB667A800DD8D6D /* SpeedTest.swift */,
				247C27E72AB66DB100DD8D6D /* SwiftTimer.swift */,
				B64A9C822B09D6B20099D0EA /* AppDelegate.swift */,
				B64A9C842B09D7360099D0EA /* Constants.swift */,
			);
			path = iosApp;
			sourceTree = "<group>";
		};
		9DA4FF6D7A7D7483907E58EF /* Frameworks */ = {
			isa = PBXGroup;
			children = (
				C0E5A5EAD40C82EFD0EE58D0 /* Pods_iosApp.framework */,
			);
			name = Frameworks;
			sourceTree = "<group>";
		};
		B636A0142B162F9F0017E6F3 /* UIView */ = {
			isa = PBXGroup;
			children = (
				B636A0152B162FAF0017E6F3 /* ImageStickerContainerView.swift */,
			);
			path = UIView;
			sourceTree = "<group>";
		};
		B636A01E2B1631D00017E6F3 /* SnapKit */ = {
			isa = PBXGroup;
			children = (
				B636A01F2B1631D00017E6F3 /* ConstraintMultiplierTarget.swift */,
				B636A0202B1631D00017E6F3 /* LayoutConstraintItem.swift */,
				B636A0212B1631D00017E6F3 /* ConstraintDescription.swift */,
				B636A0222B1631D00017E6F3 /* ConstraintMakerPriortizable.swift */,
				B636A0232B1631D00017E6F3 /* ConstraintAttributes.swift */,
				B636A0242B1631D00017E6F3 /* ConstraintViewDSL.swift */,
				B636A0252B1631D00017E6F3 /* ConstraintPriorityTarget.swift */,
				B636A0262B1631D00017E6F3 /* ConstraintInsets.swift */,
				B636A0272B1631D00017E6F3 /* ConstraintMakerFinalizable.swift */,
				B636A0282B1631D00017E6F3 /* ConstraintDSL.swift */,
				B636A0292B1631D00017E6F3 /* ConstraintMakerExtendable.swift */,
				B636A02A2B1631D00017E6F3 /* ConstraintPriority.swift */,
				B636A02B2B1631D00017E6F3 /* ConstraintInsetTarget.swift */,
				B636A02C2B1631D00017E6F3 /* ConstraintDirectionalInsetTarget.swift */,
				B636A02D2B1631D00017E6F3 /* SnapKit.h */,
				B636A02E2B1631D00017E6F3 /* ConstraintMakerRelatable+Extensions.swift */,
				B636A02F2B1631D00017E6F3 /* ConstraintConfig.swift */,
				B636A0302B1631D00017E6F3 /* UILayoutSupport+Extensions.swift */,
				B636A0312B1631D00017E6F3 /* ConstraintView.swift */,
				B636A0322B1631D00017E6F3 /* ConstraintLayoutGuide.swift */,
				B636A0332B1631D00017E6F3 /* ConstraintLayoutSupport.swift */,
				B636A0342B1631D00017E6F3 /* Typealiases.swift */,
				B636A0352B1631D00017E6F3 /* ConstraintConstantTarget.swift */,
				B636A0362B1631D00017E6F3 /* ConstraintOffsetTarget.swift */,
				B636A0372B1631D00017E6F3 /* ConstraintMakerEditable.swift */,
				B636A0382B1631D00017E6F3 /* ConstraintMaker.swift */,
				B636A0392B1631D00017E6F3 /* ConstraintRelation.swift */,
				B636A03A2B1631D00017E6F3 /* ConstraintLayoutGuideDSL.swift */,
				B636A03B2B1631D00017E6F3 /* ConstraintView+Extensions.swift */,
				B636A03C2B1631D00017E6F3 /* ConstraintItem.swift */,
				B636A03D2B1631D00017E6F3 /* Constraint.swift */,
				B636A03E2B1631D00017E6F3 /* Debugging.swift */,
				B636A03F2B1631D00017E6F3 /* ConstraintRelatableTarget.swift */,
				B636A0402B1631D00017E6F3 /* LayoutConstraint.swift */,
				B636A0412B1631D00017E6F3 /* ConstraintLayoutGuide+Extensions.swift */,
				B636A0422B1631D00017E6F3 /* ConstraintDirectionalInsets.swift */,
				B636A0432B1631D00017E6F3 /* ConstraintLayoutSupportDSL.swift */,
				B636A0442B1631D00017E6F3 /* ConstraintMakerRelatable.swift */,
			);
			path = SnapKit;
			sourceTree = "<group>";
		};
		B64A9C7F2B09C9D40099D0EA /* data */ = {
			isa = PBXGroup;
			children = (
				B64A9C802B09C9E80099D0EA /* ViewModel.swift */,
			);
			path = data;
			sourceTree = "<group>";
		};
		B64A9C882B09D7980099D0EA /* utils */ = {
			isa = PBXGroup;
			children = (
				B64A9C862B09D7950099D0EA /* UploadUtils.swift */,
				B6F56DF82B138864003CB1BE /* Date+Extensions.swift */,
			);
			path = utils;
			sourceTree = "<group>";
		};
		B64A9C892B09E5550099D0EA /* view */ = {
			isa = PBXGroup;
			children = (
				B64A9C8A2B09E5650099D0EA /* ScannerView.swift */,
				B64A9C8C2B09E5C80099D0EA /* RoundRectView.swift */,
				B64A9C8E2B09E5E20099D0EA /* RoundedRectLabel.swift */,
				B64A9D042B0BBAE10099D0EA /* ZLCameraView.swift */,
				B6F56DF62B12E56A003CB1BE /* PhotoLibraryView.swift */,
				B6F56DFA2B14E797003CB1BE /* OrderInfoView.swift */,
			);
			path = view;
			sourceTree = "<group>";
		};
		B64A9C912B0A1AEB0099D0EA /* photo */ = {
			isa = PBXGroup;
			children = (
				B64A9C922B0A1AFD0099D0EA /* Camera.swift */,
				B64A9C942B0A1B180099D0EA /* CachedImageManager.swift */,
				B64A9C962B0A1B330099D0EA /* CameraView.swift */,
				B64A9C982B0A1B4C0099D0EA /* DataModel.swift */,
				B64A9C9A2B0A1B620099D0EA /* CameraPhotoAsset.swift */,
				B64A9C9C2B0A1B730099D0EA /* PhotoAssetCollection.swift */,
				B64A9C9E2B0A1B870099D0EA /* PhotoCollection.swift */,
				B64A9CA02B0A1BA50099D0EA /* PhotoCollectionView.swift */,
				B64A9CA22B0A1BBE0099D0EA /* PhotoItemView.swift */,
				B64A9CA42B0A1BD00099D0EA /* PhotoLibrary.swift */,
				B64A9CA62B0A1BE50099D0EA /* PhotoView.swift */,
				B64A9CA82B0A1BF80099D0EA /* ThumbnailView.swift */,
				B64A9CAA2B0A1C090099D0EA /* ViewfinderView.swift */,
			);
			path = photo;
			sourceTree = "<group>";
		};
		B64A9CAE2B0A27F80099D0EA /* video */ = {
			isa = PBXGroup;
			children = (
				B64A9CAF2B0A28070099D0EA /* VideoContentView.swift */,
				B64A9CB12B0A28470099D0EA /* VideoContentViewModel.swift */,
				B64A9CB62B0A29040099D0EA /* SettingView.swift */,
				B64A9CB82B0A29160099D0EA /* GalleryView.swift */,
			);
			path = video;
			sourceTree = "<group>";
		};
		B64A9CBA2B0A65490099D0EA /* gallery */ = {
			isa = PBXGroup;
			children = (
				B64A9CBB2B0A65640099D0EA /* GalleryModel.swift */,
				B64A9CBD2B0A65940099D0EA /* Item.swift */,
				B64A9CBF2B0A65C30099D0EA /* GridView.swift */,
				B64A9CC12B0A65E60099D0EA /* DetailView.swift */,
				B64A9CC32B0A66140099D0EA /* GridItemView.swift */,
				B64A9CC72B0A66CA0099D0EA /* FileManagerExtensions.swift */,
				B64A9CC92B0B9A1C0099D0EA /* Test.swift */,
			);
			path = gallery;
			sourceTree = "<group>";
		};
		B64A9D062B0BBB7C0099D0EA /* ZLCamera */ = {
			isa = PBXGroup;
			children = (
				B636A0142B162F9F0017E6F3 /* UIView */,
				B64A9D072B0BBB7C0099D0EA /* ZLPhotoBrowser.h */,
				B64A9D082B0BBB7C0099D0EA /* ZLPhotoBrowser.bundle */,
				B64A9D092B0BBB7C0099D0EA /* General */,
				B64A9D2C2B0BBB7C0099D0EA /* Camera */,
				B64A9D2E2B0BBB7C0099D0EA /* Animation */,
				B64A9D322B0BBB7C0099D0EA /* Extensions */,
				B64A9D412B0BBB7C0099D0EA /* Edit */,
			);
			path = ZLCamera;
			sourceTree = "<group>";
		};
		B64A9D092B0BBB7C0099D0EA /* General */ = {
			isa = PBXGroup;
			children = (
				B64A9D0A2B0BBB7C0099D0EA /* ZLImagePreviewController.swift */,
				B64A9D0B2B0BBB7C0099D0EA /* ZLCameraConfiguration.swift */,
				B64A9D0C2B0BBB7C0099D0EA /* ZLResultModel.swift */,
				B64A9D0D2B0BBB7C0099D0EA /* ZLPhotoManager.swift */,
				B64A9D0E2B0BBB7C0099D0EA /* ZLPhotoModel.swift */,
				B64A9D0F2B0BBB7C0099D0EA /* ZLEnlargeButton.swift */,
				B64A9D102B0BBB7C0099D0EA /* ZLAnimationUtils.swift */,
				B64A9D112B0BBB7C0099D0EA /* ZLWeakProxy.swift */,
				B64A9D122B0BBB7C0099D0EA /* ZLPhotoPreviewCell.swift */,
				B64A9D132B0BBB7C0099D0EA /* ZLProgressHUD.swift */,
				B64A9D142B0BBB7C0099D0EA /* ZLFetchImageOperation.swift */,
				B64A9D152B0BBB7C0099D0EA /* ZLAlbumListController.swift */,
				B64A9D162B0BBB7C0099D0EA /* ZLEmbedAlbumListView.swift */,
				B64A9D172B0BBB7C0099D0EA /* ZLLanguageDefine.swift */,
				B64A9D182B0BBB7C0099D0EA /* ZLCustomAlertProtocol.swift */,
				B64A9D192B0BBB7C0099D0EA /* ZLPhotoPreviewSheet.swift */,
				B64A9D1A2B0BBB7C0099D0EA /* ZLAlbumListCell.swift */,
				B64A9D1B2B0BBB7C0099D0EA /* ZLEditImageConfiguration.swift */,
				B64A9D1C2B0BBB7C0099D0EA /* ZLPhotoUIConfiguration+Chaining.swift */,
				B64A9D1D2B0BBB7C0099D0EA /* ZLPhotoPreviewController.swift */,
				B64A9D1E2B0BBB7C0099D0EA /* ZLPhotoUIConfiguration.swift */,
				B64A9D1F2B0BBB7C0099D0EA /* ZLImageNavController.swift */,
				B64A9D202B0BBB7C0099D0EA /* ZLThumbnailViewController.swift */,
				B64A9D212B0BBB7C0099D0EA /* ZLVideoManager.swift */,
				B64A9D222B0BBB7C0099D0EA /* ZLAddPhotoCell.swift */,
				B64A9D232B0BBB7C0099D0EA /* ZLGeneralDefine.swift */,
				B64A9D242B0BBB7C0099D0EA /* ZLThumbnailPhotoCell.swift */,
				B64A9D252B0BBB7C0099D0EA /* ZLCollectionViewFlowLayout.swift */,
				B64A9D262B0BBB7C0099D0EA /* ZLProgressView.swift */,
				B64A9D272B0BBB7C0099D0EA /* ZLPhotoConfiguration.swift */,
				B64A9D282B0BBB7C0099D0EA /* ZLPhotoBrowser.swift */,
				B64A9D292B0BBB7C0099D0EA /* ZLPhotoConfiguration+Chaining.swift */,
				B64A9D2A2B0BBB7C0099D0EA /* ZLAlbumListModel.swift */,
				B64A9D2B2B0BBB7C0099D0EA /* ZLCameraCell.swift */,
			);
			path = General;
			sourceTree = "<group>";
		};
		B64A9D2C2B0BBB7C0099D0EA /* Camera */ = {
			isa = PBXGroup;
			children = (
				B64A9D2D2B0BBB7C0099D0EA /* ZLCustomCamera.swift */,
			);
			path = Camera;
			sourceTree = "<group>";
		};
		B64A9D2E2B0BBB7C0099D0EA /* Animation */ = {
			isa = PBXGroup;
			children = (
				B64A9D2F2B0BBB7C0099D0EA /* ZLPhotoPreviewAnimatedTransition.swift */,
				B64A9D302B0BBB7C0099D0EA /* ZLClipImageDismissAnimatedTransition.swift */,
				B64A9D312B0BBB7C0099D0EA /* ZLPhotoPreviewPopInteractiveTransition.swift */,
			);
			path = Animation;
			sourceTree = "<group>";
		};
		B64A9D322B0BBB7C0099D0EA /* Extensions */ = {
			isa = PBXGroup;
			children = (
				B64A9D332B0BBB7C0099D0EA /* UIView+ZLPhotoBrowser.swift */,
				B64A9D342B0BBB7C0099D0EA /* Bundle+ZLPhotoBrowser.swift */,
				B64A9D352B0BBB7C0099D0EA /* NSError+ZLPhotoBrowser.swift */,
				B64A9D362B0BBB7C0099D0EA /* UIImage+ZLPhotoBrowser.swift */,
				B64A9D372B0BBB7C0099D0EA /* String+ZLPhotoBrowser.swift */,
				B64A9D382B0BBB7C0099D0EA /* Bool+ZLPhotoBrowser.swift */,
				B64A9D392B0BBB7C0099D0EA /* Cell+ZLPhotoBrowser.swift */,
				B64A9D3A2B0BBB7C0099D0EA /* UIScrollView+ZLPhotoBrowser.swift */,
				B64A9D3B2B0BBB7C0099D0EA /* UIFont+ZLPhotoBrowser.swift */,
				B64A9D3C2B0BBB7C0099D0EA /* UIViewController+ZLPhotoBrowser.swift */,
				B64A9D3D2B0BBB7C0099D0EA /* Array+ZLPhotoBrowser.swift */,
				B64A9D3E2B0BBB7C0099D0EA /* CGFloat+ZLPhotoBrowser.swift */,
				B64A9D3F2B0BBB7C0099D0EA /* PHAsset+ZLPhotoBrowser.swift */,
				B64A9D402B0BBB7C0099D0EA /* UIColor+ZLPhotoBrowser.swift */,
			);
			path = Extensions;
			sourceTree = "<group>";
		};
		B64A9D412B0BBB7C0099D0EA /* Edit */ = {
			isa = PBXGroup;
			children = (
				B64A9D422B0BBB7C0099D0EA /* ZLInputTextViewController.swift */,
				B64A9D432B0BBB7C0099D0EA /* ZLBaseStickerView.swift */,
				B64A9D442B0BBB7C0099D0EA /* ZLBaseStickertState.swift */,
				B64A9D452B0BBB7C0099D0EA /* ZLClipImageViewController.swift */,
				B64A9D462B0BBB7C0099D0EA /* ZLImageStickerView.swift */,
				B64A9D472B0BBB7C0099D0EA /* ZLAdjustSlider.swift */,
				B64A9D482B0BBB7C0099D0EA /* ZLEditImageViewController.swift */,
				B64A9D492B0BBB7C0099D0EA /* ZLFilter.swift */,
				B64A9D4A2B0BBB7C0099D0EA /* ZLTextStickerView.swift */,
				B64A9D4B2B0BBB7C0099D0EA /* ZLEditToolCells.swift */,
				B64A9D4C2B0BBB7C0099D0EA /* ZLEditVideoViewController.swift */,
				B64A9D4D2B0BBB7C0099D0EA /* ZLEditorManager.swift */,
				B64A9D4E2B0BBB7C0099D0EA /* ZLPaths.swift */,
			);
			path = Edit;
			sourceTree = "<group>";
		};
/* End PBXGroup section */

/* Begin PBXNativeTarget section */
		7555FF7A242A565900829871 /* iosApp */ = {
			isa = PBXNativeTarget;
			buildConfigurationList = 7555FFA5242A565B00829871 /* Build configuration list for PBXNativeTarget "iosApp" */;
			buildPhases = (
				81305FF2E2EFE93DD260DB1C /* [CP] Check Pods Manifest.lock */,
				7555FF77242A565900829871 /* Sources */,
				7555FF79242A565900829871 /* Resources */,
				D69B5585E6AE8707F6544B0C /* Frameworks */,
				26AC116C6B8810E6975B0B86 /* [CP] Copy Pods Resources */,
				C4590D785235DEEB7E484619 /* [CP] Embed Pods Frameworks */,
			);
			buildRules = (
			);
			dependencies = (
			);
			name = iosApp;
			packageProductDependencies = (
				B64A9CB42B0A28800099D0EA /* Aespa */,
				B636A06B2B1633C70017E6F3 /* FLAnimatedImage */,
			);
			productName = iosApp;
			productReference = 7555FF7B242A565900829871 /* iosApp.app */;
			productType = "com.apple.product-type.application";
		};
/* End PBXNativeTarget section */

/* Begin PBXProject section */
		7555FF73242A565900829871 /* Project object */ = {
			isa = PBXProject;
			attributes = {
				LastSwiftUpdateCheck = 1130;
				LastUpgradeCheck = 1130;
				ORGANIZATIONNAME = orgName;
				TargetAttributes = {
					7555FF7A242A565900829871 = {
						CreatedOnToolsVersion = 11.3.1;
					};
				};
			};
			buildConfigurationList = 7555FF76242A565900829871 /* Build configuration list for PBXProject "iosApp" */;
			compatibilityVersion = "Xcode 9.3";
			developmentRegion = en;
			hasScannedForEncodings = 0;
			knownRegions = (
				en,
				Base,
			);
			mainGroup = 7555FF72242A565900829871;
			packageReferences = (
				B64A9CB32B0A28800099D0EA /* XCRemoteSwiftPackageReference "Aespa" */,
				B636A06A2B1633C70017E6F3 /* XCRemoteSwiftPackageReference "FLAnimatedImage" */,
			);
			productRefGroup = 7555FF7C242A565900829871 /* Products */;
			projectDirPath = "";
			projectRoot = "";
			targets = (
				7555FF7A242A565900829871 /* iosApp */,
			);
		};
/* End PBXProject section */

/* Begin PBXResourcesBuildPhase section */
		7555FF79242A565900829871 /* Resources */ = {
			isa = PBXResourcesBuildPhase;
			buildActionMask = 2147483647;
			files = (
				058557D9273AAEEB004C7B11 /* Preview Assets.xcassets in Resources */,
				B64A9D502B0BBB7D0099D0EA /* ZLPhotoBrowser.bundle in Resources */,
				058557BB273AAA24004C7B11 /* Assets.xcassets in Resources */,
			);
			runOnlyForDeploymentPostprocessing = 0;
		};
/* End PBXResourcesBuildPhase section */

/* Begin PBXShellScriptBuildPhase section */
		26AC116C6B8810E6975B0B86 /* [CP] Copy Pods Resources */ = {
			isa = PBXShellScriptBuildPhase;
			buildActionMask = 2147483647;
			files = (
			);
			inputFileListPaths = (
				"${PODS_ROOT}/Target Support Files/Pods-iosApp/Pods-iosApp-resources-${CONFIGURATION}-input-files.xcfilelist",
			);
			name = "[CP] Copy Pods Resources";
			outputFileListPaths = (
				"${PODS_ROOT}/Target Support Files/Pods-iosApp/Pods-iosApp-resources-${CONFIGURATION}-output-files.xcfilelist",
			);
			runOnlyForDeploymentPostprocessing = 0;
			shellPath = /bin/sh;
			shellScript = "\"${PODS_ROOT}/Target Support Files/Pods-iosApp/Pods-iosApp-resources.sh\"\n";
			showEnvVarsInLog = 0;
		};
		81305FF2E2EFE93DD260DB1C /* [CP] Check Pods Manifest.lock */ = {
			isa = PBXShellScriptBuildPhase;
			buildActionMask = 2147483647;
			files = (
			);
			inputFileListPaths = (
			);
			inputPaths = (
				"${PODS_PODFILE_DIR_PATH}/Podfile.lock",
				"${PODS_ROOT}/Manifest.lock",
			);
			name = "[CP] Check Pods Manifest.lock";
			outputFileListPaths = (
			);
			outputPaths = (
				"$(DERIVED_FILE_DIR)/Pods-iosApp-checkManifestLockResult.txt",
			);
			runOnlyForDeploymentPostprocessing = 0;
			shellPath = /bin/sh;
			shellScript = "diff \"${PODS_PODFILE_DIR_PATH}/Podfile.lock\" \"${PODS_ROOT}/Manifest.lock\" > /dev/null\nif [ $? != 0 ] ; then\n    # print error to STDERR\n    echo \"error: The sandbox is not in sync with the Podfile.lock. Run 'pod install' or update your CocoaPods installation.\" >&2\n    exit 1\nfi\n# This output is used by Xcode 'outputs' to avoid re-running this script phase.\necho \"SUCCESS\" > \"${SCRIPT_OUTPUT_FILE_0}\"\n";
			showEnvVarsInLog = 0;
		};
		C4590D785235DEEB7E484619 /* [CP] Embed Pods Frameworks */ = {
			isa = PBXShellScriptBuildPhase;
			buildActionMask = 2147483647;
			files = (
			);
			inputFileListPaths = (
				"${PODS_ROOT}/Target Support Files/Pods-iosApp/Pods-iosApp-frameworks-${CONFIGURATION}-input-files.xcfilelist",
			);
			name = "[CP] Embed Pods Frameworks";
			outputFileListPaths = (
				"${PODS_ROOT}/Target Support Files/Pods-iosApp/Pods-iosApp-frameworks-${CONFIGURATION}-output-files.xcfilelist",
			);
			runOnlyForDeploymentPostprocessing = 0;
			shellPath = /bin/sh;
			shellScript = "\"${PODS_ROOT}/Target Support Files/Pods-iosApp/Pods-iosApp-frameworks.sh\"\n";
			showEnvVarsInLog = 0;
		};
/* End PBXShellScriptBuildPhase section */

/* Begin PBXSourcesBuildPhase section */
		7555FF77242A565900829871 /* Sources */ = {
			isa = PBXSourcesBuildPhase;
			buildActionMask = 2147483647;
			files = (
				B636A0562B1631D10017E6F3 /* ConstraintView.swift in Sources */,
				B64A9C8F2B09E5E20099D0EA /* RoundedRectLabel.swift in Sources */,
				B64A9D5C2B0BBB7D0099D0EA /* ZLAlbumListController.swift in Sources */,
				247C27F42AB66E7A00DD8D6D /* DoubleExtension.swift in Sources */,
				B64A9D752B0BBB7D0099D0EA /* ZLClipImageDismissAnimatedTransition.swift in Sources */,
				B64A9D582B0BBB7D0099D0EA /* ZLWeakProxy.swift in Sources */,
				B6F56DF72B12E56A003CB1BE /* PhotoLibraryView.swift in Sources */,
				B636A0452B1631D10017E6F3 /* ConstraintMultiplierTarget.swift in Sources */,
				B64A9D842B0BBB7D0099D0EA /* UIColor+ZLPhotoBrowser.swift in Sources */,
				B64A9CCA2B0B9A1C0099D0EA /* Test.swift in Sources */,
				B636A0602B1631D10017E6F3 /* ConstraintView+Extensions.swift in Sources */,
				B64A9D592B0BBB7D0099D0EA /* ZLPhotoPreviewCell.swift in Sources */,
				B64A9D7C2B0BBB7D0099D0EA /* Bool+ZLPhotoBrowser.swift in Sources */,
				B636A04F2B1631D10017E6F3 /* ConstraintMakerExtendable.swift in Sources */,
				B64A9CAD2B0A1E090099D0EA /* TrafficView.swift in Sources */,
				2152FB042600AC8F00CF470E /* iOSApp.swift in Sources */,
				B64A9CB72B0A29040099D0EA /* SettingView.swift in Sources */,
				B636A0632B1631D10017E6F3 /* Debugging.swift in Sources */,
				B64A9D6E2B0BBB7D0099D0EA /* ZLPhotoConfiguration.swift in Sources */,
				B64A9CA32B0A1BBE0099D0EA /* PhotoItemView.swift in Sources */,
				B636A04A2B1631D10017E6F3 /* ConstraintViewDSL.swift in Sources */,
				B636A05A2B1631D10017E6F3 /* ConstraintConstantTarget.swift in Sources */,
				B636A05D2B1631D10017E6F3 /* ConstraintMaker.swift in Sources */,
				B636A04C2B1631D10017E6F3 /* ConstraintInsets.swift in Sources */,
				B64A9D8D2B0BBB7D0099D0EA /* ZLTextStickerView.swift in Sources */,
				B636A05E2B1631D10017E6F3 /* ConstraintRelation.swift in Sources */,
				B64A9D652B0BBB7D0099D0EA /* ZLPhotoUIConfiguration.swift in Sources */,
				B64A9D512B0BBB7D0099D0EA /* ZLImagePreviewController.swift in Sources */,
				B64A9D562B0BBB7D0099D0EA /* ZLEnlargeButton.swift in Sources */,
				247C27F22AB66E5E00DD8D6D /* TrafficData.swift in Sources */,
				B636A0592B1631D10017E6F3 /* Typealiases.swift in Sources */,
				B64A9C832B09D6B20099D0EA /* AppDelegate.swift in Sources */,
				B64A9C992B0A1B4C0099D0EA /* DataModel.swift in Sources */,
				B64A9D7D2B0BBB7D0099D0EA /* Cell+ZLPhotoBrowser.swift in Sources */,
				B636A0682B1631D10017E6F3 /* ConstraintLayoutSupportDSL.swift in Sources */,
				B64A9C932B0A1AFD0099D0EA /* Camera.swift in Sources */,
				247C27F02AB66E4800DD8D6D /* TrafficStatus.swift in Sources */,
				B64A9D822B0BBB7D0099D0EA /* CGFloat+ZLPhotoBrowser.swift in Sources */,
				B64A9D522B0BBB7D0099D0EA /* ZLCameraConfiguration.swift in Sources */,
				B64A9D732B0BBB7D0099D0EA /* ZLCustomCamera.swift in Sources */,
				B64A9D5E2B0BBB7D0099D0EA /* ZLLanguageDefine.swift in Sources */,
				B64A9D5B2B0BBB7D0099D0EA /* ZLFetchImageOperation.swift in Sources */,
				B636A04E2B1631D10017E6F3 /* ConstraintDSL.swift in Sources */,
				B64A9C8D2B09E5C80099D0EA /* RoundRectView.swift in Sources */,
				247C27E82AB66DB100DD8D6D /* SwiftTimer.swift in Sources */,
				B64A9C812B09C9E80099D0EA /* ViewModel.swift in Sources */,
				B64A9D6F2B0BBB7D0099D0EA /* ZLPhotoBrowser.swift in Sources */,
				B64A9C852B09D7360099D0EA /* Constants.swift in Sources */,
				B64A9D5D2B0BBB7D0099D0EA /* ZLEmbedAlbumListView.swift in Sources */,
				B64A9D802B0BBB7D0099D0EA /* UIViewController+ZLPhotoBrowser.swift in Sources */,
				B636A0652B1631D10017E6F3 /* LayoutConstraint.swift in Sources */,
				B64A9D742B0BBB7D0099D0EA /* ZLPhotoPreviewAnimatedTransition.swift in Sources */,
				B636A0582B1631D10017E6F3 /* ConstraintLayoutSupport.swift in Sources */,
				B64A9D8F2B0BBB7D0099D0EA /* ZLEditVideoViewController.swift in Sources */,
				B64A9D882B0BBB7D0099D0EA /* ZLClipImageViewController.swift in Sources */,
				B636A05B2B1631D10017E6F3 /* ConstraintOffsetTarget.swift in Sources */,
				B64A9D542B0BBB7D0099D0EA /* ZLPhotoManager.swift in Sources */,
				B64A9D6D2B0BBB7D0099D0EA /* ZLProgressView.swift in Sources */,
				B636A0642B1631D10017E6F3 /* ConstraintRelatableTarget.swift in Sources */,
				B636A04D2B1631D10017E6F3 /* ConstraintMakerFinalizable.swift in Sources */,
				B64A9CA92B0A1BF80099D0EA /* ThumbnailView.swift in Sources */,
				247C27F62AB66E9100DD8D6D /* UInt64Extension.swift in Sources */,
				B64A9CB22B0A28470099D0EA /* VideoContentViewModel.swift in Sources */,
				B64A9D602B0BBB7D0099D0EA /* ZLPhotoPreviewSheet.swift in Sources */,
				B64A9D8A2B0BBB7D0099D0EA /* ZLAdjustSlider.swift in Sources */,
				B636A0572B1631D10017E6F3 /* ConstraintLayoutGuide.swift in Sources */,
				B64A9C9D2B0A1B730099D0EA /* PhotoAssetCollection.swift in Sources */,
				B636A0522B1631D10017E6F3 /* ConstraintDirectionalInsetTarget.swift in Sources */,
				B64A9D5A2B0BBB7D0099D0EA /* ZLProgressHUD.swift in Sources */,
				B64A9D7E2B0BBB7D0099D0EA /* UIScrollView+ZLPhotoBrowser.swift in Sources */,
				B64A9D622B0BBB7D0099D0EA /* ZLEditImageConfiguration.swift in Sources */,
				B64A9D812B0BBB7D0099D0EA /* Array+ZLPhotoBrowser.swift in Sources */,
				B636A0512B1631D10017E6F3 /* ConstraintInsetTarget.swift in Sources */,
				B636A04B2B1631D10017E6F3 /* ConstraintPriorityTarget.swift in Sources */,
				B64A9D552B0BBB7D0099D0EA /* ZLPhotoModel.swift in Sources */,
				B64A9C8B2B09E5650099D0EA /* ScannerView.swift in Sources */,
				B64A9CBE2B0A65940099D0EA /* Item.swift in Sources */,
				B64A9C952B0A1B180099D0EA /* CachedImageManager.swift in Sources */,
				B64A9D862B0BBB7D0099D0EA /* ZLBaseStickerView.swift in Sources */,
				B64A9C9F2B0A1B870099D0EA /* PhotoCollection.swift in Sources */,
				B64A9CA12B0A1BA50099D0EA /* PhotoCollectionView.swift in Sources */,
				B64A9D712B0BBB7D0099D0EA /* ZLAlbumListModel.swift in Sources */,
				B636A0552B1631D10017E6F3 /* UILayoutSupport+Extensions.swift in Sources */,
				B64A9D8C2B0BBB7D0099D0EA /* ZLFilter.swift in Sources */,
				247C27EE2AB66E3300DD8D6D /* TrafficSpeed.swift in Sources */,
				B64A9D8B2B0BBB7D0099D0EA /* ZLEditImageViewController.swift in Sources */,
				B64A9D792B0BBB7D0099D0EA /* NSError+ZLPhotoBrowser.swift in Sources */,
				B64A9D912B0BBB7D0099D0EA /* ZLPaths.swift in Sources */,
				B64A9D892B0BBB7D0099D0EA /* ZLImageStickerView.swift in Sources */,
				B64A9D632B0BBB7D0099D0EA /* ZLPhotoUIConfiguration+Chaining.swift in Sources */,
				B64A9D6B2B0BBB7D0099D0EA /* ZLThumbnailPhotoCell.swift in Sources */,
				247C27EC2AB66E1F00DD8D6D /* TrafficPackage.swift in Sources */,
				B64A9D532B0BBB7D0099D0EA /* ZLResultModel.swift in Sources */,
				B64A9D612B0BBB7D0099D0EA /* ZLAlbumListCell.swift in Sources */,
				B64A9C872B09D7950099D0EA /* UploadUtils.swift in Sources */,
				B64A9D832B0BBB7D0099D0EA /* PHAsset+ZLPhotoBrowser.swift in Sources */,
				B636A0622B1631D10017E6F3 /* Constraint.swift in Sources */,
				B636A05C2B1631D10017E6F3 /* ConstraintMakerEditable.swift in Sources */,
				B6F56DFB2B14E797003CB1BE /* OrderInfoView.swift in Sources */,
				B64A9D7A2B0BBB7D0099D0EA /* UIImage+ZLPhotoBrowser.swift in Sources */,
				B64A9D872B0BBB7D0099D0EA /* ZLBaseStickertState.swift in Sources */,
				B64A9CA52B0A1BD00099D0EA /* PhotoLibrary.swift in Sources */,
				B64A9D8E2B0BBB7D0099D0EA /* ZLEditToolCells.swift in Sources */,
				B636A0672B1631D10017E6F3 /* ConstraintDirectionalInsets.swift in Sources */,
				B64A9D692B0BBB7D0099D0EA /* ZLAddPhotoCell.swift in Sources */,
				247C27E42AB66C6700DD8D6D /* TrafficManager.swift in Sources */,
				B64A9C972B0A1B330099D0EA /* CameraView.swift in Sources */,
				B64A9CC42B0A66140099D0EA /* GridItemView.swift in Sources */,
				B636A0532B1631D10017E6F3 /* ConstraintMakerRelatable+Extensions.swift in Sources */,
				247C27EA2AB66E0500DD8D6D /* TrafficCounter.swift in Sources */,
				B64A9CC22B0A65E60099D0EA /* DetailView.swift in Sources */,
				B64A9D762B0BBB7D0099D0EA /* ZLPhotoPreviewPopInteractiveTransition.swift in Sources */,
				B64A9D7F2B0BBB7D0099D0EA /* UIFont+ZLPhotoBrowser.swift in Sources */,
				7555FF83242A565900829871 /* ContentView.swift in Sources */,
				B636A0502B1631D10017E6F3 /* ConstraintPriority.swift in Sources */,
				B636A0692B1631D10017E6F3 /* ConstraintMakerRelatable.swift in Sources */,
				B64A9D782B0BBB7D0099D0EA /* Bundle+ZLPhotoBrowser.swift in Sources */,
				B64A9D5F2B0BBB7D0099D0EA /* ZLCustomAlertProtocol.swift in Sources */,
				B64A9D722B0BBB7D0099D0EA /* ZLCameraCell.swift in Sources */,
				B64A9CC02B0A65C30099D0EA /* GridView.swift in Sources */,
				B636A0462B1631D10017E6F3 /* LayoutConstraintItem.swift in Sources */,
				B64A9CAB2B0A1C090099D0EA /* ViewfinderView.swift in Sources */,
				B64A9D642B0BBB7D0099D0EA /* ZLPhotoPreviewController.swift in Sources */,
				B6F56DF92B138864003CB1BE /* Date+Extensions.swift in Sources */,
				B64A9D702B0BBB7D0099D0EA /* ZLPhotoConfiguration+Chaining.swift in Sources */,
				B64A9CA72B0A1BE50099D0EA /* PhotoView.swift in Sources */,
				247C27E12AB667A800DD8D6D /* SpeedTest.swift in Sources */,
				B64A9CBC2B0A65640099D0EA /* GalleryModel.swift in Sources */,
				B64A9D672B0BBB7D0099D0EA /* ZLThumbnailViewController.swift in Sources */,
				B636A0482B1631D10017E6F3 /* ConstraintMakerPriortizable.swift in Sources */,
				B636A0162B162FAF0017E6F3 /* ImageStickerContainerView.swift in Sources */,
				B636A05F2B1631D10017E6F3 /* ConstraintLayoutGuideDSL.swift in Sources */,
				B64A9D572B0BBB7D0099D0EA /* ZLAnimationUtils.swift in Sources */,
				B64A9C9B2B0A1B620099D0EA /* CameraPhotoAsset.swift in Sources */,
				B636A0492B1631D10017E6F3 /* ConstraintAttributes.swift in Sources */,
				B64A9CB92B0A29160099D0EA /* GalleryView.swift in Sources */,
				B636A0662B1631D10017E6F3 /* ConstraintLayoutGuide+Extensions.swift in Sources */,
				B64A9CC82B0A66CA0099D0EA /* FileManagerExtensions.swift in Sources */,
				B64A9D682B0BBB7D0099D0EA /* ZLVideoManager.swift in Sources */,
				247C27E62AB66C9100DD8D6D /* TrafficSummary.swift in Sources */,
				B64A9CB02B0A28070099D0EA /* VideoContentView.swift in Sources */,
				B64A9D7B2B0BBB7D0099D0EA /* String+ZLPhotoBrowser.swift in Sources */,
				B64A9D6C2B0BBB7D0099D0EA /* ZLCollectionViewFlowLayout.swift in Sources */,
				B64A9D852B0BBB7D0099D0EA /* ZLInputTextViewController.swift in Sources */,
				B64A9D772B0BBB7D0099D0EA /* UIView+ZLPhotoBrowser.swift in Sources */,
				B636A0612B1631D10017E6F3 /* ConstraintItem.swift in Sources */,
				B64A9D052B0BBAE10099D0EA /* ZLCameraView.swift in Sources */,
				B64A9D662B0BBB7D0099D0EA /* ZLImageNavController.swift in Sources */,
				B64A9D902B0BBB7D0099D0EA /* ZLEditorManager.swift in Sources */,
				B636A0542B1631D10017E6F3 /* ConstraintConfig.swift in Sources */,
				B64A9D6A2B0BBB7D0099D0EA /* ZLGeneralDefine.swift in Sources */,
				B636A0472B1631D10017E6F3 /* ConstraintDescription.swift in Sources */,
			);
			runOnlyForDeploymentPostprocessing = 0;
		};
/* End PBXSourcesBuildPhase section */

/* Begin XCBuildConfiguration section */
		7555FFA3242A565B00829871 /* Debug */ = {
			isa = XCBuildConfiguration;
			buildSettings = {
				ALWAYS_SEARCH_USER_PATHS = NO;
				CLANG_ANALYZER_NONNULL = YES;
				CLANG_ANALYZER_NUMBER_OBJECT_CONVERSION = YES_AGGRESSIVE;
				CLANG_CXX_LANGUAGE_STANDARD = "gnu++14";
				CLANG_CXX_LIBRARY = "libc++";
				CLANG_ENABLE_MODULES = YES;
				CLANG_ENABLE_OBJC_ARC = YES;
				CLANG_ENABLE_OBJC_WEAK = YES;
				CLANG_WARN_BLOCK_CAPTURE_AUTORELEASING = YES;
				CLANG_WARN_BOOL_CONVERSION = YES;
				CLANG_WARN_COMMA = YES;
				CLANG_WARN_CONSTANT_CONVERSION = YES;
				CLANG_WARN_DEPRECATED_OBJC_IMPLEMENTATIONS = YES;
				CLANG_WARN_DIRECT_OBJC_ISA_USAGE = YES_ERROR;
				CLANG_WARN_DOCUMENTATION_COMMENTS = YES;
				CLANG_WARN_EMPTY_BODY = YES;
				CLANG_WARN_ENUM_CONVERSION = YES;
				CLANG_WARN_INFINITE_RECURSION = YES;
				CLANG_WARN_INT_CONVERSION = YES;
				CLANG_WARN_NON_LITERAL_NULL_CONVERSION = YES;
				CLANG_WARN_OBJC_IMPLICIT_RETAIN_SELF = YES;
				CLANG_WARN_OBJC_LITERAL_CONVERSION = YES;
				CLANG_WARN_OBJC_ROOT_CLASS = YES_ERROR;
				CLANG_WARN_QUOTED_INCLUDE_IN_FRAMEWORK_HEADER = YES;
				CLANG_WARN_RANGE_LOOP_ANALYSIS = YES;
				CLANG_WARN_STRICT_PROTOTYPES = YES;
				CLANG_WARN_SUSPICIOUS_MOVE = YES;
				CLANG_WARN_UNGUARDED_AVAILABILITY = YES_AGGRESSIVE;
				CLANG_WARN_UNREACHABLE_CODE = YES;
				CLANG_WARN__DUPLICATE_METHOD_MATCH = YES;
				COPY_PHASE_STRIP = NO;
				DEBUG_INFORMATION_FORMAT = "dwarf-with-dsym";
				ENABLE_STRICT_OBJC_MSGSEND = YES;
				ENABLE_TESTABILITY = YES;
				GCC_C_LANGUAGE_STANDARD = gnu11;
				GCC_DYNAMIC_NO_PIC = NO;
				GCC_NO_COMMON_BLOCKS = YES;
				GCC_OPTIMIZATION_LEVEL = 0;
				GCC_PREPROCESSOR_DEFINITIONS = (
					"DEBUG=1",
					"$(inherited)",
				);
				GCC_WARN_64_TO_32_BIT_CONVERSION = YES;
				GCC_WARN_ABOUT_RETURN_TYPE = YES_ERROR;
				GCC_WARN_UNDECLARED_SELECTOR = YES;
				GCC_WARN_UNINITIALIZED_AUTOS = YES_AGGRESSIVE;
				GCC_WARN_UNUSED_FUNCTION = YES;
				GCC_WARN_UNUSED_VARIABLE = YES;
				IPHONEOS_DEPLOYMENT_TARGET = 14.1;
				MTL_ENABLE_DEBUG_INFO = INCLUDE_SOURCE;
				MTL_FAST_MATH = YES;
				ONLY_ACTIVE_ARCH = YES;
				SDKROOT = iphoneos;
				SWIFT_ACTIVE_COMPILATION_CONDITIONS = DEBUG;
				SWIFT_OPTIMIZATION_LEVEL = "-Onone";
			};
			name = Debug;
		};
		7555FFA4242A565B00829871 /* Release */ = {
			isa = XCBuildConfiguration;
			buildSettings = {
				ALWAYS_SEARCH_USER_PATHS = NO;
				CLANG_ANALYZER_NONNULL = YES;
				CLANG_ANALYZER_NUMBER_OBJECT_CONVERSION = YES_AGGRESSIVE;
				CLANG_CXX_LANGUAGE_STANDARD = "gnu++14";
				CLANG_CXX_LIBRARY = "libc++";
				CLANG_ENABLE_MODULES = YES;
				CLANG_ENABLE_OBJC_ARC = YES;
				CLANG_ENABLE_OBJC_WEAK = YES;
				CLANG_WARN_BLOCK_CAPTURE_AUTORELEASING = YES;
				CLANG_WARN_BOOL_CONVERSION = YES;
				CLANG_WARN_COMMA = YES;
				CLANG_WARN_CONSTANT_CONVERSION = YES;
				CLANG_WARN_DEPRECATED_OBJC_IMPLEMENTATIONS = YES;
				CLANG_WARN_DIRECT_OBJC_ISA_USAGE = YES_ERROR;
				CLANG_WARN_DOCUMENTATION_COMMENTS = YES;
				CLANG_WARN_EMPTY_BODY = YES;
				CLANG_WARN_ENUM_CONVERSION = YES;
				CLANG_WARN_INFINITE_RECURSION = YES;
				CLANG_WARN_INT_CONVERSION = YES;
				CLANG_WARN_NON_LITERAL_NULL_CONVERSION = YES;
				CLANG_WARN_OBJC_IMPLICIT_RETAIN_SELF = YES;
				CLANG_WARN_OBJC_LITERAL_CONVERSION = YES;
				CLANG_WARN_OBJC_ROOT_CLASS = YES_ERROR;
				CLANG_WARN_QUOTED_INCLUDE_IN_FRAMEWORK_HEADER = YES;
				CLANG_WARN_RANGE_LOOP_ANALYSIS = YES;
				CLANG_WARN_STRICT_PROTOTYPES = YES;
				CLANG_WARN_SUSPICIOUS_MOVE = YES;
				CLANG_WARN_UNGUARDED_AVAILABILITY = YES_AGGRESSIVE;
				CLANG_WARN_UNREACHABLE_CODE = YES;
				CLANG_WARN__DUPLICATE_METHOD_MATCH = YES;
				COPY_PHASE_STRIP = NO;
				DEBUG_INFORMATION_FORMAT = "dwarf-with-dsym";
				ENABLE_NS_ASSERTIONS = NO;
				ENABLE_STRICT_OBJC_MSGSEND = YES;
				GCC_C_LANGUAGE_STANDARD = gnu11;
				GCC_NO_COMMON_BLOCKS = YES;
				GCC_WARN_64_TO_32_BIT_CONVERSION = YES;
				GCC_WARN_ABOUT_RETURN_TYPE = YES_ERROR;
				GCC_WARN_UNDECLARED_SELECTOR = YES;
				GCC_WARN_UNINITIALIZED_AUTOS = YES_AGGRESSIVE;
				GCC_WARN_UNUSED_FUNCTION = YES;
				GCC_WARN_UNUSED_VARIABLE = YES;
				IPHONEOS_DEPLOYMENT_TARGET = 14.1;
				MTL_ENABLE_DEBUG_INFO = NO;
				MTL_FAST_MATH = YES;
				SDKROOT = iphoneos;
				SWIFT_COMPILATION_MODE = wholemodule;
				SWIFT_OPTIMIZATION_LEVEL = "-O";
				VALIDATE_PRODUCT = YES;
			};
			name = Release;
		};
		7555FFA6242A565B00829871 /* Debug */ = {
			isa = XCBuildConfiguration;
			baseConfigurationReference = 4481DDF335247DEE1B96EA9C /* Pods-iosApp.debug.xcconfig */;
			buildSettings = {
				ASSETCATALOG_COMPILER_APPICON_NAME = AppIcon;
				CODE_SIGN_STYLE = Automatic;
				DEVELOPMENT_ASSET_PATHS = "\"iosApp/Preview Content\"";
				DEVELOPMENT_TEAM = 8T5G22ZM6N;
				ENABLE_PREVIEWS = YES;
				INFOPLIST_FILE = iosApp/Info.plist;
				INFOPLIST_KEY_CFBundleDisplayName = "Capturing Photos";
				IPHONEOS_DEPLOYMENT_TARGET = 16.0;
				LD_RUNPATH_SEARCH_PATHS = (
					"$(inherited)",
					"@executable_path/Frameworks",
				);
				OTHER_LDFLAGS = (
					"$(inherited)",
					"-ObjC",
					"-l\"c++\"",
					"-framework",
					"\"shared\"",
					"-lsqlite3",
				);
				PRODUCT_BUNDLE_IDENTIFIER = orgIdentifier.iosApp;
				PRODUCT_NAME = "$(TARGET_NAME)";
				SWIFT_VERSION = 5.0;
				TARGETED_DEVICE_FAMILY = "1,2";
			};
			name = Debug;
		};
		7555FFA7242A565B00829871 /* Release */ = {
			isa = XCBuildConfiguration;
			baseConfigurationReference = 612A198EC70C87D4F6C16DCD /* Pods-iosApp.release.xcconfig */;
			buildSettings = {
				ASSETCATALOG_COMPILER_APPICON_NAME = AppIcon;
				CODE_SIGN_STYLE = Automatic;
				DEVELOPMENT_ASSET_PATHS = "\"iosApp/Preview Content\"";
				DEVELOPMENT_TEAM = 8T5G22ZM6N;
				ENABLE_PREVIEWS = YES;
				INFOPLIST_FILE = iosApp/Info.plist;
				INFOPLIST_KEY_CFBundleDisplayName = "Capturing Photos";
				IPHONEOS_DEPLOYMENT_TARGET = 16.0;
				LD_RUNPATH_SEARCH_PATHS = (
					"$(inherited)",
					"@executable_path/Frameworks",
				);
				OTHER_LDFLAGS = (
					"$(inherited)",
					"-ObjC",
					"-l\"c++\"",
					"-framework",
					"\"shared\"",
					"-lsqlite3",
				);
				PRODUCT_BUNDLE_IDENTIFIER = orgIdentifier.iosApp;
				PRODUCT_NAME = "$(TARGET_NAME)";
				SWIFT_VERSION = 5.0;
				TARGETED_DEVICE_FAMILY = "1,2";
			};
			name = Release;
		};
/* End XCBuildConfiguration section */

/* Begin XCConfigurationList section */
		7555FF76242A565900829871 /* Build configuration list for PBXProject "iosApp" */ = {
			isa = XCConfigurationList;
			buildConfigurations = (
				7555FFA3242A565B00829871 /* Debug */,
				7555FFA4242A565B00829871 /* Release */,
			);
			defaultConfigurationIsVisible = 0;
			defaultConfigurationName = Release;
		};
		7555FFA5242A565B00829871 /* Build configuration list for PBXNativeTarget "iosApp" */ = {
			isa = XCConfigurationList;
			buildConfigurations = (
				7555FFA6242A565B00829871 /* Debug */,
				7555FFA7242A565B00829871 /* Release */,
			);
			defaultConfigurationIsVisible = 0;
			defaultConfigurationName = Release;
		};
/* End XCConfigurationList section */

/* Begin XCRemoteSwiftPackageReference section */
		B636A06A2B1633C70017E6F3 /* XCRemoteSwiftPackageReference "FLAnimatedImage" */ = {
			isa = XCRemoteSwiftPackageReference;
			repositoryURL = "https://github.com/Flipboard/FLAnimatedImage.git";
			requirement = {
				kind = upToNextMajorVersion;
				minimumVersion = 1.0.17;
			};
		};
		B64A9CB32B0A28800099D0EA /* XCRemoteSwiftPackageReference "Aespa" */ = {
			isa = XCRemoteSwiftPackageReference;
			repositoryURL = "https://github.com/enebin/Aespa.git";
			requirement = {
				kind = upToNextMajorVersion;
				minimumVersion = 0.4.1;
			};
		};
/* End XCRemoteSwiftPackageReference section */

/* Begin XCSwiftPackageProductDependency section */
		B636A06B2B1633C70017E6F3 /* FLAnimatedImage */ = {
			isa = XCSwiftPackageProductDependency;
			package = B636A06A2B1633C70017E6F3 /* XCRemoteSwiftPackageReference "FLAnimatedImage" */;
			productName = FLAnimatedImage;
		};
		B64A9CB42B0A28800099D0EA /* Aespa */ = {
			isa = XCSwiftPackageProductDependency;
			package = B64A9CB32B0A28800099D0EA /* XCRemoteSwiftPackageReference "Aespa" */;
			productName = Aespa;
		};
/* End XCSwiftPackageProductDependency section */
	};
	rootObject = 7555FF73242A565900829871 /* Project object */;
}
